// !$*UTF8*$!
{
	archiveVersion = 1;
	classes = {
	};
	objectVersion = 46;
	objects = {

/* Begin PBXBuildFile section */
		EA3C1DDD1D93696D0048C4CD /* AppDelegate.swift in Sources */ = {isa = PBXBuildFile; fileRef = EA3C1DDC1D93696D0048C4CD /* AppDelegate.swift */; };
		EA3C1DE21D93696D0048C4CD /* Main.storyboard in Resources */ = {isa = PBXBuildFile; fileRef = EA3C1DE01D93696D0048C4CD /* Main.storyboard */; };
		EA3C1DE41D93696D0048C4CD /* Assets.xcassets in Resources */ = {isa = PBXBuildFile; fileRef = EA3C1DE31D93696D0048C4CD /* Assets.xcassets */; };
		EA3C1E091D936A1C0048C4CD /* LaunchScreen.xib in Resources */ = {isa = PBXBuildFile; fileRef = EA3C1E071D936A1C0048C4CD /* LaunchScreen.xib */; };
		EA3C1E0B1D936B7B0048C4CD /* SampleViewController.swift in Sources */ = {isa = PBXBuildFile; fileRef = EA3C1E0A1D936B7B0048C4CD /* SampleViewController.swift */; };
		EA3C1E141D93744A0048C4CD /* SampleCrashlyticsLogObserver.m in Sources */ = {isa = PBXBuildFile; fileRef = EA3C1E131D93744A0048C4CD /* SampleCrashlyticsLogObserver.m */; };
		EA3C1E281D93750D0048C4CD /* Aardvark.framework in Frameworks */ = {isa = PBXBuildFile; fileRef = EA3C1E211D9375060048C4CD /* Aardvark.framework */; };
		EA3C1E291D93750D0048C4CD /* Aardvark.framework in Embed Frameworks */ = {isa = PBXBuildFile; fileRef = EA3C1E211D9375060048C4CD /* Aardvark.framework */; settings = {ATTRIBUTES = (CodeSignOnCopy, RemoveHeadersOnCopy, ); }; };
		EA3C1E2C1D93750D0048C4CD /* CoreAardvark.framework in Frameworks */ = {isa = PBXBuildFile; fileRef = EA3C1E251D9375060048C4CD /* CoreAardvark.framework */; };
		EA3C1E2D1D93750D0048C4CD /* CoreAardvark.framework in Embed Frameworks */ = {isa = PBXBuildFile; fileRef = EA3C1E251D9375060048C4CD /* CoreAardvark.framework */; settings = {ATTRIBUTES = (CodeSignOnCopy, RemoveHeadersOnCopy, ); }; };
/* End PBXBuildFile section */

/* Begin PBXContainerItemProxy section */
		EA3C1E201D9375060048C4CD /* PBXContainerItemProxy */ = {
			isa = PBXContainerItemProxy;
			containerPortal = EA3C1E191D9375060048C4CD /* Aardvark.xcodeproj */;
			proxyType = 2;
			remoteGlobalIDString = 4551A2C21BDACF9000F216D0;
			remoteInfo = Aardvark;
		};
		EA3C1E221D9375060048C4CD /* PBXContainerItemProxy */ = {
			isa = PBXContainerItemProxy;
			containerPortal = EA3C1E191D9375060048C4CD /* Aardvark.xcodeproj */;
			proxyType = 2;
			remoteGlobalIDString = EA3C1DA01D934A260048C4CD;
			remoteInfo = AardvarkTests;
		};
		EA3C1E241D9375060048C4CD /* PBXContainerItemProxy */ = {
			isa = PBXContainerItemProxy;
			containerPortal = EA3C1E191D9375060048C4CD /* Aardvark.xcodeproj */;
			proxyType = 2;
			remoteGlobalIDString = EAF2FEA01D47172400931663;
			remoteInfo = CoreAardvark;
		};
		EA3C1E261D9375060048C4CD /* PBXContainerItemProxy */ = {
			isa = PBXContainerItemProxy;
			containerPortal = EA3C1E191D9375060048C4CD /* Aardvark.xcodeproj */;
			proxyType = 2;
			remoteGlobalIDString = EA3C1D911D934A210048C4CD;
			remoteInfo = CoreAardvarkTests;
		};
		EA3C1E2A1D93750D0048C4CD /* PBXContainerItemProxy */ = {
			isa = PBXContainerItemProxy;
			containerPortal = EA3C1E191D9375060048C4CD /* Aardvark.xcodeproj */;
			proxyType = 1;
			remoteGlobalIDString = 4551A2C11BDACF9000F216D0;
			remoteInfo = Aardvark;
		};
		EA3C1E2E1D93750D0048C4CD /* PBXContainerItemProxy */ = {
			isa = PBXContainerItemProxy;
			containerPortal = EA3C1E191D9375060048C4CD /* Aardvark.xcodeproj */;
			proxyType = 1;
			remoteGlobalIDString = EAF2FE9F1D47172400931663;
			remoteInfo = CoreAardvark;
		};
/* End PBXContainerItemProxy section */

/* Begin PBXCopyFilesBuildPhase section */
		EA3C1E061D9369C80048C4CD /* Embed Frameworks */ = {
			isa = PBXCopyFilesBuildPhase;
			buildActionMask = 2147483647;
			dstPath = "";
			dstSubfolderSpec = 10;
			files = (
				EA3C1E291D93750D0048C4CD /* Aardvark.framework in Embed Frameworks */,
				EA3C1E2D1D93750D0048C4CD /* CoreAardvark.framework in Embed Frameworks */,
			);
			name = "Embed Frameworks";
			runOnlyForDeploymentPostprocessing = 0;
		};
/* End PBXCopyFilesBuildPhase section */

/* Begin PBXFileReference section */
		EA3C1DD91D93696D0048C4CD /* AardvarkSample.app */ = {isa = PBXFileReference; explicitFileType = wrapper.application; includeInIndex = 0; path = AardvarkSample.app; sourceTree = BUILT_PRODUCTS_DIR; };
		EA3C1DDC1D93696D0048C4CD /* AppDelegate.swift */ = {isa = PBXFileReference; lastKnownFileType = sourcecode.swift; path = AppDelegate.swift; sourceTree = "<group>"; };
		EA3C1DE11D93696D0048C4CD /* Base */ = {isa = PBXFileReference; lastKnownFileType = file.storyboard; name = Base; path = Base.lproj/Main.storyboard; sourceTree = "<group>"; };
		EA3C1DE31D93696D0048C4CD /* Assets.xcassets */ = {isa = PBXFileReference; lastKnownFileType = folder.assetcatalog; path = Assets.xcassets; sourceTree = "<group>"; };
		EA3C1DE81D93696D0048C4CD /* Info.plist */ = {isa = PBXFileReference; lastKnownFileType = text.plist.xml; path = Info.plist; sourceTree = "<group>"; };
		EA3C1E081D936A1C0048C4CD /* Base */ = {isa = PBXFileReference; lastKnownFileType = file.xib; name = Base; path = Base.lproj/LaunchScreen.xib; sourceTree = "<group>"; };
		EA3C1E0A1D936B7B0048C4CD /* SampleViewController.swift */ = {isa = PBXFileReference; fileEncoding = 4; lastKnownFileType = sourcecode.swift; path = SampleViewController.swift; sourceTree = "<group>"; };
		EA3C1E111D9374490048C4CD /* AardvarkSample-Bridging-Header.h */ = {isa = PBXFileReference; lastKnownFileType = sourcecode.c.h; path = "AardvarkSample-Bridging-Header.h"; sourceTree = "<group>"; };
		EA3C1E121D93744A0048C4CD /* SampleCrashlyticsLogObserver.h */ = {isa = PBXFileReference; fileEncoding = 4; lastKnownFileType = sourcecode.c.h; path = SampleCrashlyticsLogObserver.h; sourceTree = "<group>"; };
		EA3C1E131D93744A0048C4CD /* SampleCrashlyticsLogObserver.m */ = {isa = PBXFileReference; fileEncoding = 4; lastKnownFileType = sourcecode.c.objc; path = SampleCrashlyticsLogObserver.m; sourceTree = "<group>"; };
		EA3C1E191D9375060048C4CD /* Aardvark.xcodeproj */ = {isa = PBXFileReference; lastKnownFileType = "wrapper.pb-project"; name = Aardvark.xcodeproj; path = ../Aardvark.xcodeproj; sourceTree = "<group>"; };
/* End PBXFileReference section */

/* Begin PBXFrameworksBuildPhase section */
		EA3C1DD61D93696D0048C4CD /* Frameworks */ = {
			isa = PBXFrameworksBuildPhase;
			buildActionMask = 2147483647;
			files = (
				EA3C1E281D93750D0048C4CD /* Aardvark.framework in Frameworks */,
				EA3C1E2C1D93750D0048C4CD /* CoreAardvark.framework in Frameworks */,
			);
			runOnlyForDeploymentPostprocessing = 0;
		};
/* End PBXFrameworksBuildPhase section */

/* Begin PBXGroup section */
		EA3C1DD01D93696D0048C4CD = {
			isa = PBXGroup;
			children = (
				EA3C1DDB1D93696D0048C4CD /* AardvarkSample */,
				EA3C1DEE1D9369990048C4CD /* Frameworks */,
				EA3C1DDA1D93696D0048C4CD /* Products */,
			);
			sourceTree = "<group>";
		};
		EA3C1DDA1D93696D0048C4CD /* Products */ = {
			isa = PBXGroup;
			children = (
				EA3C1DD91D93696D0048C4CD /* AardvarkSample.app */,
			);
			name = Products;
			sourceTree = "<group>";
		};
		EA3C1DDB1D93696D0048C4CD /* AardvarkSample */ = {
			isa = PBXGroup;
			children = (
				EA3C1E111D9374490048C4CD /* AardvarkSample-Bridging-Header.h */,
				EA3C1DDC1D93696D0048C4CD /* AppDelegate.swift */,
				EA3C1DE01D93696D0048C4CD /* Main.storyboard */,
				EA3C1DE31D93696D0048C4CD /* Assets.xcassets */,
				EA3C1E071D936A1C0048C4CD /* LaunchScreen.xib */,
				EA3C1DE81D93696D0048C4CD /* Info.plist */,
				EA3C1E0A1D936B7B0048C4CD /* SampleViewController.swift */,
				EA3C1E121D93744A0048C4CD /* SampleCrashlyticsLogObserver.h */,
				EA3C1E131D93744A0048C4CD /* SampleCrashlyticsLogObserver.m */,
			);
			path = AardvarkSample;
			sourceTree = "<group>";
		};
		EA3C1DEE1D9369990048C4CD /* Frameworks */ = {
			isa = PBXGroup;
			children = (
				EA3C1E191D9375060048C4CD /* Aardvark.xcodeproj */,
			);
			name = Frameworks;
			sourceTree = "<group>";
		};
		EA3C1E1A1D9375060048C4CD /* Products */ = {
			isa = PBXGroup;
			children = (
				EA3C1E211D9375060048C4CD /* Aardvark.framework */,
				EA3C1E231D9375060048C4CD /* AardvarkTests.xctest */,
				EA3C1E251D9375060048C4CD /* CoreAardvark.framework */,
				EA3C1E271D9375060048C4CD /* CoreAardvarkTests.xctest */,
			);
			name = Products;
			sourceTree = "<group>";
		};
/* End PBXGroup section */

/* Begin PBXNativeTarget section */
		EA3C1DD81D93696D0048C4CD /* AardvarkSample */ = {
			isa = PBXNativeTarget;
			buildConfigurationList = EA3C1DEB1D93696D0048C4CD /* Build configuration list for PBXNativeTarget "AardvarkSample" */;
			buildPhases = (
				EA3C1DD51D93696D0048C4CD /* Sources */,
				EA3C1DD61D93696D0048C4CD /* Frameworks */,
				EA3C1DD71D93696D0048C4CD /* Resources */,
				EA3C1E061D9369C80048C4CD /* Embed Frameworks */,
			);
			buildRules = (
			);
			dependencies = (
				EA3C1E2B1D93750D0048C4CD /* PBXTargetDependency */,
				EA3C1E2F1D93750D0048C4CD /* PBXTargetDependency */,
			);
			name = AardvarkSample;
			productName = AardvarkSample;
			productReference = EA3C1DD91D93696D0048C4CD /* AardvarkSample.app */;
			productType = "com.apple.product-type.application";
		};
/* End PBXNativeTarget section */

/* Begin PBXProject section */
		EA3C1DD11D93696D0048C4CD /* Project object */ = {
			isa = PBXProject;
			attributes = {
				LastSwiftUpdateCheck = 0800;
				LastUpgradeCheck = 1010;
				ORGANIZATIONNAME = "Square, Inc.";
				TargetAttributes = {
					EA3C1DD81D93696D0048C4CD = {
						CreatedOnToolsVersion = 8.0;
						DevelopmentTeam = EYF346PHUG;
						LastSwiftMigration = 1160;
						ProvisioningStyle = Automatic;
					};
				};
			};
			buildConfigurationList = EA3C1DD41D93696D0048C4CD /* Build configuration list for PBXProject "AardvarkSample" */;
			compatibilityVersion = "Xcode 3.2";
			developmentRegion = en;
			hasScannedForEncodings = 0;
			knownRegions = (
				en,
				Base,
			);
			mainGroup = EA3C1DD01D93696D0048C4CD;
			productRefGroup = EA3C1DDA1D93696D0048C4CD /* Products */;
			projectDirPath = "";
			projectReferences = (
				{
					ProductGroup = EA3C1E1A1D9375060048C4CD /* Products */;
					ProjectRef = EA3C1E191D9375060048C4CD /* Aardvark.xcodeproj */;
				},
			);
			projectRoot = "";
			targets = (
				EA3C1DD81D93696D0048C4CD /* AardvarkSample */,
			);
		};
/* End PBXProject section */

/* Begin PBXReferenceProxy section */
		EA3C1E211D9375060048C4CD /* Aardvark.framework */ = {
			isa = PBXReferenceProxy;
			fileType = wrapper.framework;
			path = Aardvark.framework;
			remoteRef = EA3C1E201D9375060048C4CD /* PBXContainerItemProxy */;
			sourceTree = BUILT_PRODUCTS_DIR;
		};
		EA3C1E231D9375060048C4CD /* AardvarkTests.xctest */ = {
			isa = PBXReferenceProxy;
			fileType = wrapper.cfbundle;
			path = AardvarkTests.xctest;
			remoteRef = EA3C1E221D9375060048C4CD /* PBXContainerItemProxy */;
			sourceTree = BUILT_PRODUCTS_DIR;
		};
		EA3C1E251D9375060048C4CD /* CoreAardvark.framework */ = {
			isa = PBXReferenceProxy;
			fileType = wrapper.framework;
			path = CoreAardvark.framework;
			remoteRef = EA3C1E241D9375060048C4CD /* PBXContainerItemProxy */;
			sourceTree = BUILT_PRODUCTS_DIR;
		};
		EA3C1E271D9375060048C4CD /* CoreAardvarkTests.xctest */ = {
			isa = PBXReferenceProxy;
			fileType = wrapper.cfbundle;
			path = CoreAardvarkTests.xctest;
			remoteRef = EA3C1E261D9375060048C4CD /* PBXContainerItemProxy */;
			sourceTree = BUILT_PRODUCTS_DIR;
		};
/* End PBXReferenceProxy section */

/* Begin PBXResourcesBuildPhase section */
		EA3C1DD71D93696D0048C4CD /* Resources */ = {
			isa = PBXResourcesBuildPhase;
			buildActionMask = 2147483647;
			files = (
				EA3C1DE41D93696D0048C4CD /* Assets.xcassets in Resources */,
				EA3C1E091D936A1C0048C4CD /* LaunchScreen.xib in Resources */,
				EA3C1DE21D93696D0048C4CD /* Main.storyboard in Resources */,
			);
			runOnlyForDeploymentPostprocessing = 0;
		};
/* End PBXResourcesBuildPhase section */

/* Begin PBXSourcesBuildPhase section */
		EA3C1DD51D93696D0048C4CD /* Sources */ = {
			isa = PBXSourcesBuildPhase;
			buildActionMask = 2147483647;
			files = (
				EA3C1E141D93744A0048C4CD /* SampleCrashlyticsLogObserver.m in Sources */,
				EA3C1DDD1D93696D0048C4CD /* AppDelegate.swift in Sources */,
				EA3C1E0B1D936B7B0048C4CD /* SampleViewController.swift in Sources */,
			);
			runOnlyForDeploymentPostprocessing = 0;
		};
/* End PBXSourcesBuildPhase section */

/* Begin PBXTargetDependency section */
		EA3C1E2B1D93750D0048C4CD /* PBXTargetDependency */ = {
			isa = PBXTargetDependency;
			name = Aardvark;
			targetProxy = EA3C1E2A1D93750D0048C4CD /* PBXContainerItemProxy */;
		};
		EA3C1E2F1D93750D0048C4CD /* PBXTargetDependency */ = {
			isa = PBXTargetDependency;
			name = CoreAardvark;
			targetProxy = EA3C1E2E1D93750D0048C4CD /* PBXContainerItemProxy */;
		};
/* End PBXTargetDependency section */

/* Begin PBXVariantGroup section */
		EA3C1DE01D93696D0048C4CD /* Main.storyboard */ = {
			isa = PBXVariantGroup;
			children = (
				EA3C1DE11D93696D0048C4CD /* Base */,
			);
			name = Main.storyboard;
			sourceTree = "<group>";
		};
		EA3C1E071D936A1C0048C4CD /* LaunchScreen.xib */ = {
			isa = PBXVariantGroup;
			children = (
				EA3C1E081D936A1C0048C4CD /* Base */,
			);
			name = LaunchScreen.xib;
			sourceTree = "<group>";
		};
/* End PBXVariantGroup section */

/* Begin XCBuildConfiguration section */
		EA3C1DE91D93696D0048C4CD /* Debug */ = {
			isa = XCBuildConfiguration;
			buildSettings = {
				ALWAYS_SEARCH_USER_PATHS = NO;
				CLANG_ANALYZER_LOCALIZABILITY_NONLOCALIZED = YES;
				CLANG_ANALYZER_NONNULL = YES;
				CLANG_CXX_LANGUAGE_STANDARD = "gnu++0x";
				CLANG_CXX_LIBRARY = "libc++";
				CLANG_ENABLE_MODULES = YES;
				CLANG_ENABLE_OBJC_ARC = YES;
				CLANG_WARN_BLOCK_CAPTURE_AUTORELEASING = YES;
				CLANG_WARN_BOOL_CONVERSION = YES;
				CLANG_WARN_COMMA = YES;
				CLANG_WARN_CONSTANT_CONVERSION = YES;
				CLANG_WARN_DEPRECATED_OBJC_IMPLEMENTATIONS = YES;
				CLANG_WARN_DIRECT_OBJC_ISA_USAGE = YES_ERROR;
				CLANG_WARN_DOCUMENTATION_COMMENTS = YES;
				CLANG_WARN_EMPTY_BODY = YES;
				CLANG_WARN_ENUM_CONVERSION = YES;
				CLANG_WARN_INFINITE_RECURSION = YES;
				CLANG_WARN_INT_CONVERSION = YES;
				CLANG_WARN_NON_LITERAL_NULL_CONVERSION = YES;
				CLANG_WARN_OBJC_IMPLICIT_RETAIN_SELF = YES;
				CLANG_WARN_OBJC_LITERAL_CONVERSION = YES;
				CLANG_WARN_OBJC_ROOT_CLASS = YES_ERROR;
				CLANG_WARN_RANGE_LOOP_ANALYSIS = YES;
				CLANG_WARN_STRICT_PROTOTYPES = YES;
				CLANG_WARN_SUSPICIOUS_MOVE = YES;
				CLANG_WARN_SUSPICIOUS_MOVES = YES;
				CLANG_WARN_UNREACHABLE_CODE = YES;
				CLANG_WARN__DUPLICATE_METHOD_MATCH = YES;
				"CODE_SIGN_IDENTITY[sdk=iphoneos*]" = "iPhone Developer";
				COPY_PHASE_STRIP = NO;
				DEBUG_INFORMATION_FORMAT = dwarf;
				ENABLE_STRICT_OBJC_MSGSEND = YES;
				ENABLE_TESTABILITY = YES;
				GCC_C_LANGUAGE_STANDARD = gnu99;
				GCC_DYNAMIC_NO_PIC = NO;
				GCC_NO_COMMON_BLOCKS = YES;
				GCC_OPTIMIZATION_LEVEL = 0;
				GCC_PREPROCESSOR_DEFINITIONS = (
					"DEBUG=1",
					"$(inherited)",
				);
				GCC_WARN_64_TO_32_BIT_CONVERSION = YES;
				GCC_WARN_ABOUT_RETURN_TYPE = YES_ERROR;
				GCC_WARN_UNDECLARED_SELECTOR = YES;
				GCC_WARN_UNINITIALIZED_AUTOS = YES_AGGRESSIVE;
				GCC_WARN_UNUSED_FUNCTION = YES;
				GCC_WARN_UNUSED_VARIABLE = YES;
				IPHONEOS_DEPLOYMENT_TARGET = 9.0;
				MTL_ENABLE_DEBUG_INFO = YES;
				ONLY_ACTIVE_ARCH = YES;
				SDKROOT = iphoneos;
				SWIFT_ACTIVE_COMPILATION_CONDITIONS = DEBUG;
				SWIFT_OPTIMIZATION_LEVEL = "-Onone";
			};
			name = Debug;
		};
		EA3C1DEA1D93696D0048C4CD /* Release */ = {
			isa = XCBuildConfiguration;
			buildSettings = {
				ALWAYS_SEARCH_USER_PATHS = NO;
				CLANG_ANALYZER_LOCALIZABILITY_NONLOCALIZED = YES;
				CLANG_ANALYZER_NONNULL = YES;
				CLANG_CXX_LANGUAGE_STANDARD = "gnu++0x";
				CLANG_CXX_LIBRARY = "libc++";
				CLANG_ENABLE_MODULES = YES;
				CLANG_ENABLE_OBJC_ARC = YES;
				CLANG_WARN_BLOCK_CAPTURE_AUTORELEASING = YES;
				CLANG_WARN_BOOL_CONVERSION = YES;
				CLANG_WARN_COMMA = YES;
				CLANG_WARN_CONSTANT_CONVERSION = YES;
				CLANG_WARN_DEPRECATED_OBJC_IMPLEMENTATIONS = YES;
				CLANG_WARN_DIRECT_OBJC_ISA_USAGE = YES_ERROR;
				CLANG_WARN_DOCUMENTATION_COMMENTS = YES;
				CLANG_WARN_EMPTY_BODY = YES;
				CLANG_WARN_ENUM_CONVERSION = YES;
				CLANG_WARN_INFINITE_RECURSION = YES;
				CLANG_WARN_INT_CONVERSION = YES;
				CLANG_WARN_NON_LITERAL_NULL_CONVERSION = YES;
				CLANG_WARN_OBJC_IMPLICIT_RETAIN_SELF = YES;
				CLANG_WARN_OBJC_LITERAL_CONVERSION = YES;
				CLANG_WARN_OBJC_ROOT_CLASS = YES_ERROR;
				CLANG_WARN_RANGE_LOOP_ANALYSIS = YES;
				CLANG_WARN_STRICT_PROTOTYPES = YES;
				CLANG_WARN_SUSPICIOUS_MOVE = YES;
				CLANG_WARN_SUSPICIOUS_MOVES = YES;
				CLANG_WARN_UNREACHABLE_CODE = YES;
				CLANG_WARN__DUPLICATE_METHOD_MATCH = YES;
				"CODE_SIGN_IDENTITY[sdk=iphoneos*]" = "iPhone Developer";
				COPY_PHASE_STRIP = NO;
				DEBUG_INFORMATION_FORMAT = "dwarf-with-dsym";
				ENABLE_NS_ASSERTIONS = NO;
				ENABLE_STRICT_OBJC_MSGSEND = YES;
				GCC_C_LANGUAGE_STANDARD = gnu99;
				GCC_NO_COMMON_BLOCKS = YES;
				GCC_WARN_64_TO_32_BIT_CONVERSION = YES;
				GCC_WARN_ABOUT_RETURN_TYPE = YES_ERROR;
				GCC_WARN_UNDECLARED_SELECTOR = YES;
				GCC_WARN_UNINITIALIZED_AUTOS = YES_AGGRESSIVE;
				GCC_WARN_UNUSED_FUNCTION = YES;
				GCC_WARN_UNUSED_VARIABLE = YES;
				IPHONEOS_DEPLOYMENT_TARGET = 9.0;
				MTL_ENABLE_DEBUG_INFO = NO;
				SDKROOT = iphoneos;
				SWIFT_OPTIMIZATION_LEVEL = "-Owholemodule";
				VALIDATE_PRODUCT = YES;
			};
			name = Release;
		};
		EA3C1DEC1D93696D0048C4CD /* Debug */ = {
			isa = XCBuildConfiguration;
			buildSettings = {
				ALWAYS_EMBED_SWIFT_STANDARD_LIBRARIES = YES;
				ASSETCATALOG_COMPILER_APPICON_NAME = AppIcon;
				CLANG_ENABLE_MODULES = YES;
				DEVELOPMENT_TEAM = EYF346PHUG;
				INFOPLIST_FILE = AardvarkSample/Info.plist;
				LD_RUNPATH_SEARCH_PATHS = "$(inherited) @executable_path/Frameworks";
				PRODUCT_BUNDLE_IDENTIFIER = com.squareup.AardvarkSample;
				PRODUCT_NAME = "$(TARGET_NAME)";
				SWIFT_OBJC_BRIDGING_HEADER = "AardvarkSample/AardvarkSample-Bridging-Header.h";
				SWIFT_OPTIMIZATION_LEVEL = "-Onone";
				SWIFT_VERSION = 5.0;
				TARGETED_DEVICE_FAMILY = "1,2";
			};
			name = Debug;
		};
		EA3C1DED1D93696D0048C4CD /* Release */ = {
			isa = XCBuildConfiguration;
			buildSettings = {
				ALWAYS_EMBED_SWIFT_STANDARD_LIBRARIES = YES;
				ASSETCATALOG_COMPILER_APPICON_NAME = AppIcon;
				CLANG_ENABLE_MODULES = YES;
				DEVELOPMENT_TEAM = EYF346PHUG;
				INFOPLIST_FILE = AardvarkSample/Info.plist;
				LD_RUNPATH_SEARCH_PATHS = "$(inherited) @executable_path/Frameworks";
				PRODUCT_BUNDLE_IDENTIFIER = com.squareup.AardvarkSample;
				PRODUCT_NAME = "$(TARGET_NAME)";
				SWIFT_OBJC_BRIDGING_HEADER = "AardvarkSample/AardvarkSample-Bridging-Header.h";
				SWIFT_VERSION = 5.0;
				TARGETED_DEVICE_FAMILY = "1,2";
			};
			name = Release;
		};
/* End XCBuildConfiguration section */

/* Begin XCConfigurationList section */
		EA3C1DD41D93696D0048C4CD /* Build configuration list for PBXProject "AardvarkSample" */ = {
			isa = XCConfigurationList;
			buildConfigurations = (
				EA3C1DE91D93696D0048C4CD /* Debug */,
				EA3C1DEA1D93696D0048C4CD /* Release */,
			);
			defaultConfigurationIsVisible = 0;
			defaultConfigurationName = Release;
		};
		EA3C1DEB1D93696D0048C4CD /* Build configuration list for PBXNativeTarget "AardvarkSample" */ = {
			isa = XCConfigurationList;
			buildConfigurations = (
				EA3C1DEC1D93696D0048C4CD /* Debug */,
				EA3C1DED1D93696D0048C4CD /* Release */,
			);
			defaultConfigurationIsVisible = 0;
			defaultConfigurationName = Release;
		};
/* End XCConfigurationList section */
	};
	rootObject = EA3C1DD11D93696D0048C4CD /* Project object */;
}
