// !$*UTF8*$!
{
	archiveVersion = 1;
	classes = {
	};
	objectVersion = 46;
	objects = {

/* Begin PBXBuildFile section */
		4551A2311BD9B41000F216D0 /* Aardvark.h in Headers */ = {isa = PBXBuildFile; fileRef = 4551A2301BD9B41000F216D0 /* Aardvark.h */; settings = {ATTRIBUTES = (Public, ); }; };
		4551A2381BD9B41000F216D0 /* Aardvark.framework in Frameworks */ = {isa = PBXBuildFile; fileRef = 4551A22E1BD9B41000F216D0 /* Aardvark.framework */; };
		4551A23D1BD9B41000F216D0 /* AardvarkTests.m in Sources */ = {isa = PBXBuildFile; fileRef = 4551A23C1BD9B41000F216D0 /* AardvarkTests.m */; };
		4551A2451BD9B44900F216D0 /* ARKIndividualLogViewController.m in Sources */ = {isa = PBXBuildFile; fileRef = EAD1447019E22E470065A1FF /* ARKIndividualLogViewController.m */; };
		4551A2461BD9B47200F216D0 /* ARKIndividualLogViewController.h in Headers */ = {isa = PBXBuildFile; fileRef = EAD1446F19E22E470065A1FF /* ARKIndividualLogViewController.h */; settings = {ATTRIBUTES = (Public, ); }; };
		4551A2471BD9B4F500F216D0 /* ARKEmailBugReporter.m in Sources */ = {isa = PBXBuildFile; fileRef = EAD1445E19E211250065A1FF /* ARKEmailBugReporter.m */; };
		4551A2481BD9B4F800F216D0 /* ARKEmailBugReporter.h in Headers */ = {isa = PBXBuildFile; fileRef = EAD1445D19E211250065A1FF /* ARKEmailBugReporter.h */; settings = {ATTRIBUTES = (Public, ); }; };
		4551A2491BD9B51100F216D0 /* ARKDefaultLogFormatter.h in Headers */ = {isa = PBXBuildFile; fileRef = EAAB389B19E28D5200161A54 /* ARKDefaultLogFormatter.h */; settings = {ATTRIBUTES = (Public, ); }; };
		4551A24A1BD9B51300F216D0 /* ARKDefaultLogFormatter.m in Sources */ = {isa = PBXBuildFile; fileRef = EAAB389C19E28D5200161A54 /* ARKDefaultLogFormatter.m */; };
		4551A24B1BD9B51D00F216D0 /* ARKLogFormatter.h in Headers */ = {isa = PBXBuildFile; fileRef = EAAB389F19E28DEB00161A54 /* ARKLogFormatter.h */; settings = {ATTRIBUTES = (Public, ); }; };
		4551A24C1BD9B52700F216D0 /* ARKLogObserver.h in Headers */ = {isa = PBXBuildFile; fileRef = EA491AF919E5EAAA00762174 /* ARKLogObserver.h */; settings = {ATTRIBUTES = (Public, ); }; };
		4551A24D1BD9B53400F216D0 /* ARKLogStore.h in Headers */ = {isa = PBXBuildFile; fileRef = EA7353641A1577200060F54E /* ARKLogStore.h */; settings = {ATTRIBUTES = (Public, ); }; };
		4551A24E1BD9B54000F216D0 /* ARKLogStore.m in Sources */ = {isa = PBXBuildFile; fileRef = EA7353651A1577200060F54E /* ARKLogStore.m */; };
		4551A24F1BD9B54B00F216D0 /* Aardvark.m in Sources */ = {isa = PBXBuildFile; fileRef = EAD1442619E073FB0065A1FF /* Aardvark.m */; };
		4551A2501BD9B55000F216D0 /* ARKDataArchive.m in Sources */ = {isa = PBXBuildFile; fileRef = D04D47E91AB8A09B00A342E9 /* ARKDataArchive.m */; };
		4551A2511BD9B55100F216D0 /* ARKDataArchive.h in Headers */ = {isa = PBXBuildFile; fileRef = D04D47E81AB8A09B00A342E9 /* ARKDataArchive.h */; };
		4551A2521BD9B55C00F216D0 /* ARKLogDistributor.m in Sources */ = {isa = PBXBuildFile; fileRef = EAD1444C19E09EEA0065A1FF /* ARKLogDistributor.m */; };
		4551A2531BD9B55D00F216D0 /* ARKLogDistributor.h in Headers */ = {isa = PBXBuildFile; fileRef = EAD1444B19E09EEA0065A1FF /* ARKLogDistributor.h */; settings = {ATTRIBUTES = (Public, ); }; };
		4551A2541BD9B56200F216D0 /* ARKLogMessage.m in Sources */ = {isa = PBXBuildFile; fileRef = EAD1444819E084C40065A1FF /* ARKLogMessage.m */; };
		4551A2551BD9B56400F216D0 /* ARKLogMessage.h in Headers */ = {isa = PBXBuildFile; fileRef = EAD1444719E084C40065A1FF /* ARKLogMessage.h */; settings = {ATTRIBUTES = (Public, ); }; };
		4551A2561BD9B61E00F216D0 /* UIApplication+ARKAdditions.h in Headers */ = {isa = PBXBuildFile; fileRef = EA6E218C19E84C1D0097BF4F /* UIApplication+ARKAdditions.h */; settings = {ATTRIBUTES = (Public, ); }; };
		4551A2571BD9B62300F216D0 /* UIApplication+ARKAdditions.m in Sources */ = {isa = PBXBuildFile; fileRef = EA6E218D19E84C1D0097BF4F /* UIApplication+ARKAdditions.m */; };
		4551A2581BD9B73C00F216D0 /* ARKScreenshotViewController.h in Headers */ = {isa = PBXBuildFile; fileRef = EAD1447319E22E800065A1FF /* ARKScreenshotViewController.h */; settings = {ATTRIBUTES = (Public, ); }; };
		4551A2591BD9B73F00F216D0 /* ARKScreenshotViewController.m in Sources */ = {isa = PBXBuildFile; fileRef = EAD1447419E22E800065A1FF /* ARKScreenshotViewController.m */; };
		4551A25A1BD9B74700F216D0 /* ARKLogTableViewController.m in Sources */ = {isa = PBXBuildFile; fileRef = EAD1446419E22D080065A1FF /* ARKLogTableViewController.m */; };
		4551A25B1BD9B74900F216D0 /* ARKLogTableViewController.h in Headers */ = {isa = PBXBuildFile; fileRef = EAD1446319E22D080065A1FF /* ARKLogTableViewController.h */; settings = {ATTRIBUTES = (Public, ); }; };
		4551A25C1BD9B75100F216D0 /* ARKBugReporter.h in Headers */ = {isa = PBXBuildFile; fileRef = EAAB38A519E298ED00161A54 /* ARKBugReporter.h */; settings = {ATTRIBUTES = (Public, ); }; };
		4551A25D1BD9B7F100F216D0 /* ARKDataArchive_Testing.h in Headers */ = {isa = PBXBuildFile; fileRef = D04D48011AB908DD00A342E9 /* ARKDataArchive_Testing.h */; };
		4551A25E1BD9B80300F216D0 /* UIActivityViewController+ARKAdditions.m in Sources */ = {isa = PBXBuildFile; fileRef = EAD1447D19E22FCF0065A1FF /* UIActivityViewController+ARKAdditions.m */; };
		4551A25F1BD9B80400F216D0 /* UIActivityViewController+ARKAdditions.h in Headers */ = {isa = PBXBuildFile; fileRef = EAD1447C19E22FCF0065A1FF /* UIActivityViewController+ARKAdditions.h */; };
		4551A2601BD9B80B00F216D0 /* NSFileHandle+ARKAdditions.m in Sources */ = {isa = PBXBuildFile; fileRef = D04D47FE1AB905C900A342E9 /* NSFileHandle+ARKAdditions.m */; };
		4551A2611BD9B80C00F216D0 /* NSFileHandle+ARKAdditions.h in Headers */ = {isa = PBXBuildFile; fileRef = D04D47FD1AB905C900A342E9 /* NSFileHandle+ARKAdditions.h */; };
		4551A2621BD9B81500F216D0 /* ARKLogDistributor_Protected.h in Headers */ = {isa = PBXBuildFile; fileRef = EAE2F5731ACA10B4006FFDDC /* ARKLogDistributor_Protected.h */; };
		4551A2631BD9B81C00F216D0 /* AardvarkDefines.h in Headers */ = {isa = PBXBuildFile; fileRef = EAD1444419E0849D0065A1FF /* AardvarkDefines.h */; };
		4551A2641BD9B82200F216D0 /* NSURL+ARKAdditions.m in Sources */ = {isa = PBXBuildFile; fileRef = D04D47F51AB8FD9000A342E9 /* NSURL+ARKAdditions.m */; };
		4551A2651BD9B82400F216D0 /* NSURL+ARKAdditions.h in Headers */ = {isa = PBXBuildFile; fileRef = D04D47F41AB8FD9000A342E9 /* NSURL+ARKAdditions.h */; };
		4551A2681BD9B93B00F216D0 /* ARKLogType.h in Headers */ = {isa = PBXBuildFile; fileRef = 4551A2661BD9B93B00F216D0 /* ARKLogType.h */; settings = {ATTRIBUTES = (Public, ); }; };
/* End PBXBuildFile section */

/* Begin PBXContainerItemProxy section */
		4551A2391BD9B41000F216D0 /* PBXContainerItemProxy */ = {
			isa = PBXContainerItemProxy;
			containerPortal = EAD1441919E073FB0065A1FF /* Project object */;
			proxyType = 1;
			remoteGlobalIDString = 4551A22D1BD9B41000F216D0;
			remoteInfo = Aardvark;
		};
/* End PBXContainerItemProxy section */

/* Begin PBXFileReference section */
		4551A22E1BD9B41000F216D0 /* Aardvark.framework */ = {isa = PBXFileReference; explicitFileType = wrapper.framework; includeInIndex = 0; path = Aardvark.framework; sourceTree = BUILT_PRODUCTS_DIR; };
		4551A2301BD9B41000F216D0 /* Aardvark.h */ = {isa = PBXFileReference; lastKnownFileType = sourcecode.c.h; path = Aardvark.h; sourceTree = "<group>"; };
		4551A2321BD9B41000F216D0 /* Info.plist */ = {isa = PBXFileReference; lastKnownFileType = text.plist.xml; path = Info.plist; sourceTree = "<group>"; };
		4551A2371BD9B41000F216D0 /* AardvarkTests.xctest */ = {isa = PBXFileReference; explicitFileType = wrapper.cfbundle; includeInIndex = 0; path = AardvarkTests.xctest; sourceTree = BUILT_PRODUCTS_DIR; };
		4551A23C1BD9B41000F216D0 /* AardvarkTests.m */ = {isa = PBXFileReference; lastKnownFileType = sourcecode.c.objc; path = AardvarkTests.m; sourceTree = "<group>"; };
		4551A23E1BD9B41000F216D0 /* Info.plist */ = {isa = PBXFileReference; lastKnownFileType = text.plist.xml; path = Info.plist; sourceTree = "<group>"; };
		4551A2661BD9B93B00F216D0 /* ARKLogType.h */ = {isa = PBXFileReference; fileEncoding = 4; lastKnownFileType = sourcecode.c.h; path = ARKLogType.h; sourceTree = "<group>"; };
		D04D47E81AB8A09B00A342E9 /* ARKDataArchive.h */ = {isa = PBXFileReference; fileEncoding = 4; lastKnownFileType = sourcecode.c.h; name = ARKDataArchive.h; path = Logging/ARKDataArchive.h; sourceTree = "<group>"; };
		D04D47E91AB8A09B00A342E9 /* ARKDataArchive.m */ = {isa = PBXFileReference; fileEncoding = 4; lastKnownFileType = sourcecode.c.objc; name = ARKDataArchive.m; path = Logging/ARKDataArchive.m; sourceTree = "<group>"; };
		D04D47EC1AB8A0BA00A342E9 /* ARKDataArchiveTests.m */ = {isa = PBXFileReference; fileEncoding = 4; lastKnownFileType = sourcecode.c.objc; name = ARKDataArchiveTests.m; path = AardvarkTests/ARKDataArchiveTests.m; sourceTree = "<group>"; };
		D04D47F41AB8FD9000A342E9 /* NSURL+ARKAdditions.h */ = {isa = PBXFileReference; fileEncoding = 4; lastKnownFileType = sourcecode.c.h; name = "NSURL+ARKAdditions.h"; path = "Categories/NSURL+ARKAdditions.h"; sourceTree = "<group>"; };
		D04D47F51AB8FD9000A342E9 /* NSURL+ARKAdditions.m */ = {isa = PBXFileReference; fileEncoding = 4; lastKnownFileType = sourcecode.c.objc; name = "NSURL+ARKAdditions.m"; path = "Categories/NSURL+ARKAdditions.m"; sourceTree = "<group>"; };
		D04D47FD1AB905C900A342E9 /* NSFileHandle+ARKAdditions.h */ = {isa = PBXFileReference; fileEncoding = 4; lastKnownFileType = sourcecode.c.h; name = "NSFileHandle+ARKAdditions.h"; path = "Categories/NSFileHandle+ARKAdditions.h"; sourceTree = "<group>"; };
		D04D47FE1AB905C900A342E9 /* NSFileHandle+ARKAdditions.m */ = {isa = PBXFileReference; fileEncoding = 4; lastKnownFileType = sourcecode.c.objc; name = "NSFileHandle+ARKAdditions.m"; path = "Categories/NSFileHandle+ARKAdditions.m"; sourceTree = "<group>"; };
		D04D48011AB908DD00A342E9 /* ARKDataArchive_Testing.h */ = {isa = PBXFileReference; fileEncoding = 4; lastKnownFileType = sourcecode.c.h; name = ARKDataArchive_Testing.h; path = Logging/ARKDataArchive_Testing.h; sourceTree = "<group>"; };
		D04D48041AB9196B00A342E9 /* ARKFileHandleAdditionsTests.m */ = {isa = PBXFileReference; fileEncoding = 4; lastKnownFileType = sourcecode.c.objc; name = ARKFileHandleAdditionsTests.m; path = AardvarkTests/ARKFileHandleAdditionsTests.m; sourceTree = "<group>"; };
		EA09D3C41A2E6D2F004C1125 /* ARKDefineTests.m */ = {isa = PBXFileReference; fileEncoding = 4; lastKnownFileType = sourcecode.c.objc; name = ARKDefineTests.m; path = AardvarkTests/ARKDefineTests.m; sourceTree = "<group>"; };
		EA4583FD19E65C3C00E44882 /* MessageUI.framework */ = {isa = PBXFileReference; lastKnownFileType = wrapper.framework; name = MessageUI.framework; path = System/Library/Frameworks/MessageUI.framework; sourceTree = SDKROOT; };
		EA46F7F91ACB8448007FC415 /* ARKURLAdditionsTests.m */ = {isa = PBXFileReference; fileEncoding = 4; lastKnownFileType = sourcecode.c.objc; name = ARKURLAdditionsTests.m; path = AardvarkTests/ARKURLAdditionsTests.m; sourceTree = "<group>"; };
		EA491AF919E5EAAA00762174 /* ARKLogObserver.h */ = {isa = PBXFileReference; fileEncoding = 4; lastKnownFileType = sourcecode.c.h; name = ARKLogObserver.h; path = Logging/ARKLogObserver.h; sourceTree = "<group>"; };
		EA61D2011B16434300D1AB77 /* module.modulemap */ = {isa = PBXFileReference; fileEncoding = 4; lastKnownFileType = "sourcecode.module-map"; name = module.modulemap; path = Other/module.modulemap; sourceTree = "<group>"; };
		EA6E218C19E84C1D0097BF4F /* UIApplication+ARKAdditions.h */ = {isa = PBXFileReference; fileEncoding = 4; lastKnownFileType = sourcecode.c.h; name = "UIApplication+ARKAdditions.h"; path = "Categories/UIApplication+ARKAdditions.h"; sourceTree = "<group>"; };
		EA6E218D19E84C1D0097BF4F /* UIApplication+ARKAdditions.m */ = {isa = PBXFileReference; fileEncoding = 4; lastKnownFileType = sourcecode.c.objc; name = "UIApplication+ARKAdditions.m"; path = "Categories/UIApplication+ARKAdditions.m"; sourceTree = "<group>"; };
		EA7353641A1577200060F54E /* ARKLogStore.h */ = {isa = PBXFileReference; fileEncoding = 4; lastKnownFileType = sourcecode.c.h; name = ARKLogStore.h; path = Logging/ARKLogStore.h; sourceTree = "<group>"; };
		EA7353651A1577200060F54E /* ARKLogStore.m */ = {isa = PBXFileReference; fileEncoding = 4; lastKnownFileType = sourcecode.c.objc; name = ARKLogStore.m; path = Logging/ARKLogStore.m; sourceTree = "<group>"; };
		EA73536C1A15801D0060F54E /* ARKLogStore_Testing.h */ = {isa = PBXFileReference; lastKnownFileType = sourcecode.c.h; name = ARKLogStore_Testing.h; path = Logging/ARKLogStore_Testing.h; sourceTree = "<group>"; };
		EA73536F1A15C5E70060F54E /* ARKLogStoreTests.m */ = {isa = PBXFileReference; fileEncoding = 4; lastKnownFileType = sourcecode.c.objc; name = ARKLogStoreTests.m; path = AardvarkTests/ARKLogStoreTests.m; sourceTree = "<group>"; };
		EA82F7921A3F9D6B0043BA42 /* ARKLogTableViewControllerTests.m */ = {isa = PBXFileReference; fileEncoding = 4; lastKnownFileType = sourcecode.c.objc; name = ARKLogTableViewControllerTests.m; path = AardvarkTests/ARKLogTableViewControllerTests.m; sourceTree = "<group>"; };
		EA82F7941A3F9D840043BA42 /* ARKLogTableViewController_Testing.h */ = {isa = PBXFileReference; lastKnownFileType = sourcecode.c.h; name = ARKLogTableViewController_Testing.h; path = "Log Viewing/ARKLogTableViewController_Testing.h"; sourceTree = "<group>"; };
		EAAB389819E2820000161A54 /* ARKLogDistributor_Testing.h */ = {isa = PBXFileReference; lastKnownFileType = sourcecode.c.h; name = ARKLogDistributor_Testing.h; path = Logging/ARKLogDistributor_Testing.h; sourceTree = "<group>"; };
		EAAB389B19E28D5200161A54 /* ARKDefaultLogFormatter.h */ = {isa = PBXFileReference; fileEncoding = 4; lastKnownFileType = sourcecode.c.h; name = ARKDefaultLogFormatter.h; path = "Bug Reporting/ARKDefaultLogFormatter.h"; sourceTree = "<group>"; };
		EAAB389C19E28D5200161A54 /* ARKDefaultLogFormatter.m */ = {isa = PBXFileReference; fileEncoding = 4; lastKnownFileType = sourcecode.c.objc; name = ARKDefaultLogFormatter.m; path = "Bug Reporting/ARKDefaultLogFormatter.m"; sourceTree = "<group>"; };
		EAAB389F19E28DEB00161A54 /* ARKLogFormatter.h */ = {isa = PBXFileReference; lastKnownFileType = sourcecode.c.h; name = ARKLogFormatter.h; path = "Bug Reporting/ARKLogFormatter.h"; sourceTree = "<group>"; };
		EAAB38A319E2929C00161A54 /* ARKDefaultLogFormatterTests.m */ = {isa = PBXFileReference; fileEncoding = 4; lastKnownFileType = sourcecode.c.objc; name = ARKDefaultLogFormatterTests.m; path = AardvarkTests/ARKDefaultLogFormatterTests.m; sourceTree = "<group>"; };
		EAAB38A519E298ED00161A54 /* ARKBugReporter.h */ = {isa = PBXFileReference; lastKnownFileType = sourcecode.c.h; name = ARKBugReporter.h; path = "Bug Reporting/ARKBugReporter.h"; sourceTree = "<group>"; };
		EAC8459B19F60B810000F165 /* ARKEmailBugReporterTests.m */ = {isa = PBXFileReference; fileEncoding = 4; lastKnownFileType = sourcecode.c.objc; name = ARKEmailBugReporterTests.m; path = AardvarkTests/ARKEmailBugReporterTests.m; sourceTree = "<group>"; };
		EAC8459D19F60BDB0000F165 /* ARKEmailBugReporter_Testing.h */ = {isa = PBXFileReference; lastKnownFileType = sourcecode.c.h; name = ARKEmailBugReporter_Testing.h; path = "Bug Reporting/ARKEmailBugReporter_Testing.h"; sourceTree = "<group>"; };
		EAD1442419E073FB0065A1FF /* Aardvark.h */ = {isa = PBXFileReference; lastKnownFileType = sourcecode.c.h; path = Aardvark.h; sourceTree = "<group>"; };
		EAD1442619E073FB0065A1FF /* Aardvark.m */ = {isa = PBXFileReference; lastKnownFileType = sourcecode.c.objc; path = Aardvark.m; sourceTree = "<group>"; };
		EAD1442F19E073FB0065A1FF /* Tests-Info.plist */ = {isa = PBXFileReference; lastKnownFileType = text.plist.xml; name = "Tests-Info.plist"; path = "AardvarkTests/Tests-Info.plist"; sourceTree = "<group>"; };
		EAD1444419E0849D0065A1FF /* AardvarkDefines.h */ = {isa = PBXFileReference; fileEncoding = 4; lastKnownFileType = sourcecode.c.h; name = AardvarkDefines.h; path = Other/AardvarkDefines.h; sourceTree = "<group>"; };
		EAD1444719E084C40065A1FF /* ARKLogMessage.h */ = {isa = PBXFileReference; fileEncoding = 4; lastKnownFileType = sourcecode.c.h; name = ARKLogMessage.h; path = Logging/ARKLogMessage.h; sourceTree = "<group>"; };
		EAD1444819E084C40065A1FF /* ARKLogMessage.m */ = {isa = PBXFileReference; fileEncoding = 4; lastKnownFileType = sourcecode.c.objc; name = ARKLogMessage.m; path = Logging/ARKLogMessage.m; sourceTree = "<group>"; };
		EAD1444B19E09EEA0065A1FF /* ARKLogDistributor.h */ = {isa = PBXFileReference; fileEncoding = 4; lastKnownFileType = sourcecode.c.h; name = ARKLogDistributor.h; path = Logging/ARKLogDistributor.h; sourceTree = "<group>"; };
		EAD1444C19E09EEA0065A1FF /* ARKLogDistributor.m */ = {isa = PBXFileReference; fileEncoding = 4; lastKnownFileType = sourcecode.c.objc; name = ARKLogDistributor.m; path = Logging/ARKLogDistributor.m; sourceTree = "<group>"; };
		EAD1445319E201C70065A1FF /* ARKLogDistributorTests.m */ = {isa = PBXFileReference; fileEncoding = 4; lastKnownFileType = sourcecode.c.objc; name = ARKLogDistributorTests.m; path = AardvarkTests/ARKLogDistributorTests.m; sourceTree = "<group>"; };
		EAD1445D19E211250065A1FF /* ARKEmailBugReporter.h */ = {isa = PBXFileReference; fileEncoding = 4; lastKnownFileType = sourcecode.c.h; name = ARKEmailBugReporter.h; path = "Bug Reporting/ARKEmailBugReporter.h"; sourceTree = "<group>"; };
		EAD1445E19E211250065A1FF /* ARKEmailBugReporter.m */ = {isa = PBXFileReference; fileEncoding = 4; lastKnownFileType = sourcecode.c.objc; name = ARKEmailBugReporter.m; path = "Bug Reporting/ARKEmailBugReporter.m"; sourceTree = "<group>"; };
		EAD1446319E22D080065A1FF /* ARKLogTableViewController.h */ = {isa = PBXFileReference; fileEncoding = 4; lastKnownFileType = sourcecode.c.h; name = ARKLogTableViewController.h; path = "Log Viewing/ARKLogTableViewController.h"; sourceTree = "<group>"; };
		EAD1446419E22D080065A1FF /* ARKLogTableViewController.m */ = {isa = PBXFileReference; fileEncoding = 4; lastKnownFileType = sourcecode.c.objc; name = ARKLogTableViewController.m; path = "Log Viewing/ARKLogTableViewController.m"; sourceTree = "<group>"; };
		EAD1446F19E22E470065A1FF /* ARKIndividualLogViewController.h */ = {isa = PBXFileReference; fileEncoding = 4; lastKnownFileType = sourcecode.c.h; name = ARKIndividualLogViewController.h; path = "Log Viewing/ARKIndividualLogViewController.h"; sourceTree = "<group>"; };
		EAD1447019E22E470065A1FF /* ARKIndividualLogViewController.m */ = {isa = PBXFileReference; fileEncoding = 4; lastKnownFileType = sourcecode.c.objc; name = ARKIndividualLogViewController.m; path = "Log Viewing/ARKIndividualLogViewController.m"; sourceTree = "<group>"; };
		EAD1447319E22E800065A1FF /* ARKScreenshotViewController.h */ = {isa = PBXFileReference; fileEncoding = 4; lastKnownFileType = sourcecode.c.h; name = ARKScreenshotViewController.h; path = "Log Viewing/ARKScreenshotViewController.h"; sourceTree = "<group>"; };
		EAD1447419E22E800065A1FF /* ARKScreenshotViewController.m */ = {isa = PBXFileReference; fileEncoding = 4; lastKnownFileType = sourcecode.c.objc; name = ARKScreenshotViewController.m; path = "Log Viewing/ARKScreenshotViewController.m"; sourceTree = "<group>"; };
		EAD1447C19E22FCF0065A1FF /* UIActivityViewController+ARKAdditions.h */ = {isa = PBXFileReference; fileEncoding = 4; lastKnownFileType = sourcecode.c.h; name = "UIActivityViewController+ARKAdditions.h"; path = "Categories/UIActivityViewController+ARKAdditions.h"; sourceTree = "<group>"; };
		EAD1447D19E22FCF0065A1FF /* UIActivityViewController+ARKAdditions.m */ = {isa = PBXFileReference; fileEncoding = 4; lastKnownFileType = sourcecode.c.objc; name = "UIActivityViewController+ARKAdditions.m"; path = "Categories/UIActivityViewController+ARKAdditions.m"; sourceTree = "<group>"; };
		EAE2F5731ACA10B4006FFDDC /* ARKLogDistributor_Protected.h */ = {isa = PBXFileReference; fileEncoding = 4; lastKnownFileType = sourcecode.c.h; name = ARKLogDistributor_Protected.h; path = Logging/ARKLogDistributor_Protected.h; sourceTree = "<group>"; };
/* End PBXFileReference section */

/* Begin PBXFrameworksBuildPhase section */
		4551A22A1BD9B41000F216D0 /* Frameworks */ = {
			isa = PBXFrameworksBuildPhase;
			buildActionMask = 2147483647;
			files = (
			);
			runOnlyForDeploymentPostprocessing = 0;
		};
		4551A2341BD9B41000F216D0 /* Frameworks */ = {
			isa = PBXFrameworksBuildPhase;
			buildActionMask = 2147483647;
			files = (
				4551A2381BD9B41000F216D0 /* Aardvark.framework in Frameworks */,
			);
			runOnlyForDeploymentPostprocessing = 0;
		};
/* End PBXFrameworksBuildPhase section */

/* Begin PBXGroup section */
		4551A22F1BD9B41000F216D0 /* Aardvark */ = {
			isa = PBXGroup;
			children = (
				4551A2301BD9B41000F216D0 /* Aardvark.h */,
				4551A2321BD9B41000F216D0 /* Info.plist */,
			);
			path = Aardvark;
			sourceTree = "<group>";
		};
		4551A23B1BD9B41000F216D0 /* AardvarkTests */ = {
			isa = PBXGroup;
			children = (
				4551A23C1BD9B41000F216D0 /* AardvarkTests.m */,
				4551A23E1BD9B41000F216D0 /* Info.plist */,
			);
			path = AardvarkTests;
			sourceTree = "<group>";
		};
		D04D48031AB9194A00A342E9 /* Tests */ = {
			isa = PBXGroup;
			children = (
				D04D48041AB9196B00A342E9 /* ARKFileHandleAdditionsTests.m */,
				EA46F7F91ACB8448007FC415 /* ARKURLAdditionsTests.m */,
			);
			name = Tests;
			sourceTree = "<group>";
		};
		EA09D3C11A2E6CFA004C1125 /* Tests */ = {
			isa = PBXGroup;
			children = (
				EA09D3C41A2E6D2F004C1125 /* ARKDefineTests.m */,
			);
			name = Tests;
			sourceTree = "<group>";
		};
		EA82F7911A3F9D3A0043BA42 /* Tests */ = {
			isa = PBXGroup;
			children = (
				EA82F7921A3F9D6B0043BA42 /* ARKLogTableViewControllerTests.m */,
			);
			name = Tests;
			sourceTree = "<group>";
		};
		EAA6F80119F5933700FF20A8 /* Frameworks */ = {
			isa = PBXGroup;
			children = (
				EA4583FD19E65C3C00E44882 /* MessageUI.framework */,
			);
			name = Frameworks;
			sourceTree = "<group>";
		};
		EAAB38A219E2928500161A54 /* Tests */ = {
			isa = PBXGroup;
			children = (
				EAAB38A319E2929C00161A54 /* ARKDefaultLogFormatterTests.m */,
				EAC8459B19F60B810000F165 /* ARKEmailBugReporterTests.m */,
			);
			name = Tests;
			sourceTree = "<group>";
		};
		EAD1441819E073FB0065A1FF = {
			isa = PBXGroup;
			children = (
				EAD1442319E073FB0065A1FF /* Aardvark */,
				EAD1443919E074630065A1FF /* Bug Reporting */,
				EAD1447719E22F470065A1FF /* Categories */,
				EAD1446119E21F9D0065A1FF /* Log Viewing */,
				EAD1443819E074570065A1FF /* Logging */,
				EAD1444219E0848B0065A1FF /* Other */,
				4551A22F1BD9B41000F216D0 /* Aardvark */,
				4551A23B1BD9B41000F216D0 /* AardvarkTests */,
				EAA6F80119F5933700FF20A8 /* Frameworks */,
				EAD1442219E073FB0065A1FF /* Products */,
			);
			sourceTree = "<group>";
		};
		EAD1442219E073FB0065A1FF /* Products */ = {
			isa = PBXGroup;
			children = (
				4551A22E1BD9B41000F216D0 /* Aardvark.framework */,
				4551A2371BD9B41000F216D0 /* AardvarkTests.xctest */,
			);
			name = Products;
			sourceTree = "<group>";
		};
		EAD1442319E073FB0065A1FF /* Aardvark */ = {
			isa = PBXGroup;
			children = (
				EAD1442419E073FB0065A1FF /* Aardvark.h */,
				EAD1442619E073FB0065A1FF /* Aardvark.m */,
				4551A2661BD9B93B00F216D0 /* ARKLogType.h */,
			);
			path = Aardvark;
			sourceTree = "<group>";
		};
		EAD1443819E074570065A1FF /* Logging */ = {
			isa = PBXGroup;
			children = (
				EAD1446219E21FB50065A1FF /* Tests */,
				D04D47E81AB8A09B00A342E9 /* ARKDataArchive.h */,
				D04D48011AB908DD00A342E9 /* ARKDataArchive_Testing.h */,
				D04D47E91AB8A09B00A342E9 /* ARKDataArchive.m */,
				EA491AF919E5EAAA00762174 /* ARKLogObserver.h */,
				EAD1444B19E09EEA0065A1FF /* ARKLogDistributor.h */,
				EAAB389819E2820000161A54 /* ARKLogDistributor_Testing.h */,
				EAD1444C19E09EEA0065A1FF /* ARKLogDistributor.m */,
				EAD1444719E084C40065A1FF /* ARKLogMessage.h */,
				EAD1444819E084C40065A1FF /* ARKLogMessage.m */,
				EA7353641A1577200060F54E /* ARKLogStore.h */,
				EA73536C1A15801D0060F54E /* ARKLogStore_Testing.h */,
				EA7353651A1577200060F54E /* ARKLogStore.m */,
				EAE2F5731ACA10B4006FFDDC /* ARKLogDistributor_Protected.h */,
			);
			name = Logging;
			sourceTree = "<group>";
		};
		EAD1443919E074630065A1FF /* Bug Reporting */ = {
			isa = PBXGroup;
			children = (
				EAAB38A219E2928500161A54 /* Tests */,
				EAAB38A519E298ED00161A54 /* ARKBugReporter.h */,
				EAD1445D19E211250065A1FF /* ARKEmailBugReporter.h */,
				EAC8459D19F60BDB0000F165 /* ARKEmailBugReporter_Testing.h */,
				EAD1445E19E211250065A1FF /* ARKEmailBugReporter.m */,
				EAAB389B19E28D5200161A54 /* ARKDefaultLogFormatter.h */,
				EAAB389C19E28D5200161A54 /* ARKDefaultLogFormatter.m */,
				EAAB389F19E28DEB00161A54 /* ARKLogFormatter.h */,
			);
			name = "Bug Reporting";
			sourceTree = "<group>";
		};
		EAD1444219E0848B0065A1FF /* Other */ = {
			isa = PBXGroup;
			children = (
				EA09D3C11A2E6CFA004C1125 /* Tests */,
				EAD1444419E0849D0065A1FF /* AardvarkDefines.h */,
				EAD1442F19E073FB0065A1FF /* Tests-Info.plist */,
				EA61D2011B16434300D1AB77 /* module.modulemap */,
			);
			name = Other;
			sourceTree = "<group>";
		};
		EAD1446119E21F9D0065A1FF /* Log Viewing */ = {
			isa = PBXGroup;
			children = (
				EA82F7911A3F9D3A0043BA42 /* Tests */,
				EAD1446F19E22E470065A1FF /* ARKIndividualLogViewController.h */,
				EAD1447019E22E470065A1FF /* ARKIndividualLogViewController.m */,
				EAD1446319E22D080065A1FF /* ARKLogTableViewController.h */,
				EA82F7941A3F9D840043BA42 /* ARKLogTableViewController_Testing.h */,
				EAD1446419E22D080065A1FF /* ARKLogTableViewController.m */,
				EAD1447319E22E800065A1FF /* ARKScreenshotViewController.h */,
				EAD1447419E22E800065A1FF /* ARKScreenshotViewController.m */,
			);
			name = "Log Viewing";
			sourceTree = "<group>";
		};
		EAD1446219E21FB50065A1FF /* Tests */ = {
			isa = PBXGroup;
			children = (
				D04D47EC1AB8A0BA00A342E9 /* ARKDataArchiveTests.m */,
				EAD1445319E201C70065A1FF /* ARKLogDistributorTests.m */,
				EA73536F1A15C5E70060F54E /* ARKLogStoreTests.m */,
			);
			name = Tests;
			sourceTree = "<group>";
		};
		EAD1447719E22F470065A1FF /* Categories */ = {
			isa = PBXGroup;
			children = (
				D04D48031AB9194A00A342E9 /* Tests */,
				D04D47FD1AB905C900A342E9 /* NSFileHandle+ARKAdditions.h */,
				D04D47FE1AB905C900A342E9 /* NSFileHandle+ARKAdditions.m */,
				D04D47F41AB8FD9000A342E9 /* NSURL+ARKAdditions.h */,
				D04D47F51AB8FD9000A342E9 /* NSURL+ARKAdditions.m */,
				EAD1447C19E22FCF0065A1FF /* UIActivityViewController+ARKAdditions.h */,
				EAD1447D19E22FCF0065A1FF /* UIActivityViewController+ARKAdditions.m */,
				EA6E218C19E84C1D0097BF4F /* UIApplication+ARKAdditions.h */,
				EA6E218D19E84C1D0097BF4F /* UIApplication+ARKAdditions.m */,
			);
			name = Categories;
			sourceTree = "<group>";
		};
/* End PBXGroup section */

/* Begin PBXHeadersBuildPhase section */
		4551A22B1BD9B41000F216D0 /* Headers */ = {
			isa = PBXHeadersBuildPhase;
			buildActionMask = 2147483647;
			files = (
				4551A24B1BD9B51D00F216D0 /* ARKLogFormatter.h in Headers */,
				4551A25D1BD9B7F100F216D0 /* ARKDataArchive_Testing.h in Headers */,
				4551A24C1BD9B52700F216D0 /* ARKLogObserver.h in Headers */,
				4551A2461BD9B47200F216D0 /* ARKIndividualLogViewController.h in Headers */,
				4551A2491BD9B51100F216D0 /* ARKDefaultLogFormatter.h in Headers */,
				4551A2681BD9B93B00F216D0 /* ARKLogType.h in Headers */,
				4551A24D1BD9B53400F216D0 /* ARKLogStore.h in Headers */,
				4551A2481BD9B4F800F216D0 /* ARKEmailBugReporter.h in Headers */,
				4551A2631BD9B81C00F216D0 /* AardvarkDefines.h in Headers */,
				4551A2621BD9B81500F216D0 /* ARKLogDistributor_Protected.h in Headers */,
				4551A2561BD9B61E00F216D0 /* UIApplication+ARKAdditions.h in Headers */,
				4551A2651BD9B82400F216D0 /* NSURL+ARKAdditions.h in Headers */,
				4551A2551BD9B56400F216D0 /* ARKLogMessage.h in Headers */,
				4551A2531BD9B55D00F216D0 /* ARKLogDistributor.h in Headers */,
				4551A2511BD9B55100F216D0 /* ARKDataArchive.h in Headers */,
				4551A2311BD9B41000F216D0 /* Aardvark.h in Headers */,
				4551A2611BD9B80C00F216D0 /* NSFileHandle+ARKAdditions.h in Headers */,
				4551A2581BD9B73C00F216D0 /* ARKScreenshotViewController.h in Headers */,
				4551A25B1BD9B74900F216D0 /* ARKLogTableViewController.h in Headers */,
				4551A25C1BD9B75100F216D0 /* ARKBugReporter.h in Headers */,
				4551A25F1BD9B80400F216D0 /* UIActivityViewController+ARKAdditions.h in Headers */,
			);
			runOnlyForDeploymentPostprocessing = 0;
		};
/* End PBXHeadersBuildPhase section */

/* Begin PBXNativeTarget section */
		4551A22D1BD9B41000F216D0 /* Aardvark */ = {
			isa = PBXNativeTarget;
			buildConfigurationList = 4551A23F1BD9B41000F216D0 /* Build configuration list for PBXNativeTarget "Aardvark" */;
			buildPhases = (
				4551A2291BD9B41000F216D0 /* Sources */,
				4551A22A1BD9B41000F216D0 /* Frameworks */,
				4551A22B1BD9B41000F216D0 /* Headers */,
				4551A22C1BD9B41000F216D0 /* Resources */,
			);
			buildRules = (
			);
			dependencies = (
			);
			name = Aardvark;
			productName = Aardvark;
			productReference = 4551A22E1BD9B41000F216D0 /* Aardvark.framework */;
			productType = "com.apple.product-type.framework";
		};
		4551A2361BD9B41000F216D0 /* AardvarkTests */ = {
			isa = PBXNativeTarget;
			buildConfigurationList = 4551A2421BD9B41000F216D0 /* Build configuration list for PBXNativeTarget "AardvarkTests" */;
			buildPhases = (
				4551A2331BD9B41000F216D0 /* Sources */,
				4551A2341BD9B41000F216D0 /* Frameworks */,
				4551A2351BD9B41000F216D0 /* Resources */,
			);
			buildRules = (
			);
			dependencies = (
				4551A23A1BD9B41000F216D0 /* PBXTargetDependency */,
			);
			name = AardvarkTests;
			productName = AardvarkTests;
			productReference = 4551A2371BD9B41000F216D0 /* AardvarkTests.xctest */;
			productType = "com.apple.product-type.bundle.unit-test";
		};
/* End PBXNativeTarget section */

/* Begin PBXProject section */
		EAD1441919E073FB0065A1FF /* Project object */ = {
			isa = PBXProject;
			attributes = {
				CLASSPREFIX = ARK;
				LastUpgradeCheck = 0600;
				ORGANIZATIONNAME = "Square, Inc.";
				TargetAttributes = {
					4551A22D1BD9B41000F216D0 = {
						CreatedOnToolsVersion = 7.1;
					};
					4551A2361BD9B41000F216D0 = {
						CreatedOnToolsVersion = 7.1;
					};
				};
			};
			buildConfigurationList = EAD1441C19E073FB0065A1FF /* Build configuration list for PBXProject "Aardvark" */;
			compatibilityVersion = "Xcode 3.2";
			developmentRegion = English;
			hasScannedForEncodings = 0;
			knownRegions = (
				en,
			);
			mainGroup = EAD1441819E073FB0065A1FF;
			productRefGroup = EAD1442219E073FB0065A1FF /* Products */;
			projectDirPath = "";
			projectRoot = "";
			targets = (
				4551A22D1BD9B41000F216D0 /* Aardvark */,
				4551A2361BD9B41000F216D0 /* AardvarkTests */,
			);
		};
/* End PBXProject section */

/* Begin PBXResourcesBuildPhase section */
		4551A22C1BD9B41000F216D0 /* Resources */ = {
			isa = PBXResourcesBuildPhase;
			buildActionMask = 2147483647;
			files = (
			);
			runOnlyForDeploymentPostprocessing = 0;
		};
		4551A2351BD9B41000F216D0 /* Resources */ = {
			isa = PBXResourcesBuildPhase;
			buildActionMask = 2147483647;
			files = (
			);
			runOnlyForDeploymentPostprocessing = 0;
		};
/* End PBXResourcesBuildPhase section */

/* Begin PBXSourcesBuildPhase section */
		4551A2291BD9B41000F216D0 /* Sources */ = {
			isa = PBXSourcesBuildPhase;
			buildActionMask = 2147483647;
			files = (
				4551A25E1BD9B80300F216D0 /* UIActivityViewController+ARKAdditions.m in Sources */,
				4551A24A1BD9B51300F216D0 /* ARKDefaultLogFormatter.m in Sources */,
				4551A2601BD9B80B00F216D0 /* NSFileHandle+ARKAdditions.m in Sources */,
				4551A24E1BD9B54000F216D0 /* ARKLogStore.m in Sources */,
				4551A25A1BD9B74700F216D0 /* ARKLogTableViewController.m in Sources */,
				4551A2521BD9B55C00F216D0 /* ARKLogDistributor.m in Sources */,
				4551A2591BD9B73F00F216D0 /* ARKScreenshotViewController.m in Sources */,
				4551A24F1BD9B54B00F216D0 /* Aardvark.m in Sources */,
				4551A2571BD9B62300F216D0 /* UIApplication+ARKAdditions.m in Sources */,
				4551A2451BD9B44900F216D0 /* ARKIndividualLogViewController.m in Sources */,
				4551A2471BD9B4F500F216D0 /* ARKEmailBugReporter.m in Sources */,
				4551A2501BD9B55000F216D0 /* ARKDataArchive.m in Sources */,
				4551A2541BD9B56200F216D0 /* ARKLogMessage.m in Sources */,
				4551A2641BD9B82200F216D0 /* NSURL+ARKAdditions.m in Sources */,
			);
			runOnlyForDeploymentPostprocessing = 0;
		};
		4551A2331BD9B41000F216D0 /* Sources */ = {
			isa = PBXSourcesBuildPhase;
			buildActionMask = 2147483647;
			files = (
				4551A23D1BD9B41000F216D0 /* AardvarkTests.m in Sources */,
			);
			runOnlyForDeploymentPostprocessing = 0;
		};
/* End PBXSourcesBuildPhase section */

/* Begin PBXTargetDependency section */
		4551A23A1BD9B41000F216D0 /* PBXTargetDependency */ = {
			isa = PBXTargetDependency;
			target = 4551A22D1BD9B41000F216D0 /* Aardvark */;
			targetProxy = 4551A2391BD9B41000F216D0 /* PBXContainerItemProxy */;
		};
/* End PBXTargetDependency section */

/* Begin XCBuildConfiguration section */
		4551A2401BD9B41000F216D0 /* Debug */ = {
			isa = XCBuildConfiguration;
			buildSettings = {
				"CODE_SIGN_IDENTITY[sdk=iphoneos*]" = "iPhone Developer";
				CURRENT_PROJECT_VERSION = 1;
				DEBUG_INFORMATION_FORMAT = dwarf;
				DEFINES_MODULE = YES;
				DYLIB_COMPATIBILITY_VERSION = 1;
				DYLIB_CURRENT_VERSION = 1;
				DYLIB_INSTALL_NAME_BASE = "@rpath";
				ENABLE_TESTABILITY = YES;
				GCC_NO_COMMON_BLOCKS = YES;
				INFOPLIST_FILE = Aardvark/Info.plist;
				INSTALL_PATH = "$(LOCAL_LIBRARY_DIR)/Frameworks";
				LD_RUNPATH_SEARCH_PATHS = "$(inherited) @executable_path/Frameworks @loader_path/Frameworks";
				PRODUCT_BUNDLE_IDENTIFIER = com.squareup.Aardvark;
				PRODUCT_NAME = "$(TARGET_NAME)";
				SKIP_INSTALL = YES;
				TARGETED_DEVICE_FAMILY = "1,2";
				VERSIONING_SYSTEM = "apple-generic";
				VERSION_INFO_PREFIX = "";
			};
			name = Debug;
		};
		4551A2411BD9B41000F216D0 /* Release */ = {
			isa = XCBuildConfiguration;
			buildSettings = {
				"CODE_SIGN_IDENTITY[sdk=iphoneos*]" = "iPhone Developer";
				COPY_PHASE_STRIP = NO;
				CURRENT_PROJECT_VERSION = 1;
				DEBUG_INFORMATION_FORMAT = "dwarf-with-dsym";
				DEFINES_MODULE = YES;
				DYLIB_COMPATIBILITY_VERSION = 1;
				DYLIB_CURRENT_VERSION = 1;
				DYLIB_INSTALL_NAME_BASE = "@rpath";
				GCC_NO_COMMON_BLOCKS = YES;
				INFOPLIST_FILE = Aardvark/Info.plist;
				INSTALL_PATH = "$(LOCAL_LIBRARY_DIR)/Frameworks";
				LD_RUNPATH_SEARCH_PATHS = "$(inherited) @executable_path/Frameworks @loader_path/Frameworks";
				PRODUCT_BUNDLE_IDENTIFIER = com.squareup.Aardvark;
				PRODUCT_NAME = "$(TARGET_NAME)";
				SKIP_INSTALL = YES;
				TARGETED_DEVICE_FAMILY = "1,2";
				VERSIONING_SYSTEM = "apple-generic";
				VERSION_INFO_PREFIX = "";
			};
			name = Release;
		};
		4551A2431BD9B41000F216D0 /* Debug */ = {
			isa = XCBuildConfiguration;
			buildSettings = {
				"CODE_SIGN_IDENTITY[sdk=iphoneos*]" = "iPhone Developer";
				DEBUG_INFORMATION_FORMAT = dwarf;
				ENABLE_TESTABILITY = YES;
				GCC_NO_COMMON_BLOCKS = YES;
				INFOPLIST_FILE = AardvarkTests/Info.plist;
				LD_RUNPATH_SEARCH_PATHS = "$(inherited) @executable_path/Frameworks @loader_path/Frameworks";
				PRODUCT_BUNDLE_IDENTIFIER = com.squareup.AardvarkTests;
				PRODUCT_NAME = "$(TARGET_NAME)";
			};
			name = Debug;
		};
		4551A2441BD9B41000F216D0 /* Release */ = {
			isa = XCBuildConfiguration;
			buildSettings = {
				"CODE_SIGN_IDENTITY[sdk=iphoneos*]" = "iPhone Developer";
				COPY_PHASE_STRIP = NO;
				DEBUG_INFORMATION_FORMAT = "dwarf-with-dsym";
				GCC_NO_COMMON_BLOCKS = YES;
				INFOPLIST_FILE = AardvarkTests/Info.plist;
				LD_RUNPATH_SEARCH_PATHS = "$(inherited) @executable_path/Frameworks @loader_path/Frameworks";
				PRODUCT_BUNDLE_IDENTIFIER = com.squareup.AardvarkTests;
				PRODUCT_NAME = "$(TARGET_NAME)";
			};
			name = Release;
		};
		EAD1443019E073FB0065A1FF /* Debug */ = {
			isa = XCBuildConfiguration;
			buildSettings = {
				ALWAYS_SEARCH_USER_PATHS = NO;
				CLANG_CXX_LANGUAGE_STANDARD = "gnu++0x";
				CLANG_CXX_LIBRARY = "libc++";
				CLANG_ENABLE_MODULES = YES;
				CLANG_ENABLE_OBJC_ARC = YES;
				CLANG_WARN_BOOL_CONVERSION = YES;
				CLANG_WARN_CONSTANT_CONVERSION = YES;
				CLANG_WARN_DIRECT_OBJC_ISA_USAGE = YES_ERROR;
				CLANG_WARN_EMPTY_BODY = YES;
				CLANG_WARN_ENUM_CONVERSION = YES;
				CLANG_WARN_INT_CONVERSION = YES;
				CLANG_WARN_OBJC_ROOT_CLASS = YES_ERROR;
				CLANG_WARN_UNREACHABLE_CODE = YES;
				CLANG_WARN__DUPLICATE_METHOD_MATCH = YES;
				COPY_PHASE_STRIP = NO;
				ENABLE_STRICT_OBJC_MSGSEND = YES;
				GCC_C_LANGUAGE_STANDARD = gnu99;
				GCC_DYNAMIC_NO_PIC = NO;
				GCC_OPTIMIZATION_LEVEL = 0;
				GCC_PREPROCESSOR_DEFINITIONS = (
					"DEBUG=1",
					"$(inherited)",
				);
				GCC_SYMBOLS_PRIVATE_EXTERN = NO;
				GCC_TREAT_WARNINGS_AS_ERRORS = YES;
				GCC_WARN_64_TO_32_BIT_CONVERSION = YES;
				GCC_WARN_ABOUT_RETURN_TYPE = YES_ERROR;
				GCC_WARN_UNDECLARED_SELECTOR = YES;
				GCC_WARN_UNINITIALIZED_AUTOS = YES_AGGRESSIVE;
				GCC_WARN_UNUSED_FUNCTION = YES;
				GCC_WARN_UNUSED_VARIABLE = YES;
				IPHONEOS_DEPLOYMENT_TARGET = 8.0;
				MTL_ENABLE_DEBUG_INFO = YES;
				ONLY_ACTIVE_ARCH = YES;
				SDKROOT = iphoneos;
			};
			name = Debug;
		};
		EAD1443119E073FB0065A1FF /* Release */ = {
			isa = XCBuildConfiguration;
			buildSettings = {
				ALWAYS_SEARCH_USER_PATHS = NO;
				CLANG_CXX_LANGUAGE_STANDARD = "gnu++0x";
				CLANG_CXX_LIBRARY = "libc++";
				CLANG_ENABLE_MODULES = YES;
				CLANG_ENABLE_OBJC_ARC = YES;
				CLANG_WARN_BOOL_CONVERSION = YES;
				CLANG_WARN_CONSTANT_CONVERSION = YES;
				CLANG_WARN_DIRECT_OBJC_ISA_USAGE = YES_ERROR;
				CLANG_WARN_EMPTY_BODY = YES;
				CLANG_WARN_ENUM_CONVERSION = YES;
				CLANG_WARN_INT_CONVERSION = YES;
				CLANG_WARN_OBJC_ROOT_CLASS = YES_ERROR;
				CLANG_WARN_UNREACHABLE_CODE = YES;
				CLANG_WARN__DUPLICATE_METHOD_MATCH = YES;
				COPY_PHASE_STRIP = YES;
				ENABLE_NS_ASSERTIONS = NO;
				ENABLE_STRICT_OBJC_MSGSEND = YES;
				GCC_C_LANGUAGE_STANDARD = gnu99;
				GCC_TREAT_WARNINGS_AS_ERRORS = YES;
				GCC_WARN_64_TO_32_BIT_CONVERSION = YES;
				GCC_WARN_ABOUT_RETURN_TYPE = YES_ERROR;
				GCC_WARN_UNDECLARED_SELECTOR = YES;
				GCC_WARN_UNINITIALIZED_AUTOS = YES_AGGRESSIVE;
				GCC_WARN_UNUSED_FUNCTION = YES;
				GCC_WARN_UNUSED_VARIABLE = YES;
				IPHONEOS_DEPLOYMENT_TARGET = 8.0;
				MTL_ENABLE_DEBUG_INFO = NO;
				SDKROOT = iphoneos;
				VALIDATE_PRODUCT = YES;
			};
			name = Release;
		};
/* End XCBuildConfiguration section */

/* Begin XCConfigurationList section */
		4551A23F1BD9B41000F216D0 /* Build configuration list for PBXNativeTarget "Aardvark" */ = {
			isa = XCConfigurationList;
			buildConfigurations = (
				4551A2401BD9B41000F216D0 /* Debug */,
				4551A2411BD9B41000F216D0 /* Release */,
			);
			defaultConfigurationIsVisible = 0;
		};
		4551A2421BD9B41000F216D0 /* Build configuration list for PBXNativeTarget "AardvarkTests" */ = {
			isa = XCConfigurationList;
			buildConfigurations = (
				4551A2431BD9B41000F216D0 /* Debug */,
				4551A2441BD9B41000F216D0 /* Release */,
			);
			defaultConfigurationIsVisible = 0;
		};
		EAD1441C19E073FB0065A1FF /* Build configuration list for PBXProject "Aardvark" */ = {
			isa = XCConfigurationList;
			buildConfigurations = (
				EAD1443019E073FB0065A1FF /* Debug */,
				EAD1443119E073FB0065A1FF /* Release */,
			);
			defaultConfigurationIsVisible = 0;
			defaultConfigurationName = Release;
		};
/* End XCConfigurationList section */
	};
	rootObject = EAD1441919E073FB0065A1FF /* Project object */;
}
