// !$*UTF8*$!
{
	archiveVersion = 1;
	classes = {
	};
	objectVersion = 46;
	objects = {

/* Begin PBXBuildFile section */
		D04D47EA1AB8A09B00A342E9 /* ARKDataArchive.h in Headers */ = {isa = PBXBuildFile; fileRef = D04D47E81AB8A09B00A342E9 /* ARKDataArchive.h */; };
		D04D47EB1AB8A09B00A342E9 /* ARKDataArchive.m in Sources */ = {isa = PBXBuildFile; fileRef = D04D47E91AB8A09B00A342E9 /* ARKDataArchive.m */; };
		D04D47ED1AB8A0BA00A342E9 /* ARKDataArchiveTests.m in Sources */ = {isa = PBXBuildFile; fileRef = D04D47EC1AB8A0BA00A342E9 /* ARKDataArchiveTests.m */; };
		D04D47F61AB8FD9000A342E9 /* NSURL+ARKAdditions.h in Headers */ = {isa = PBXBuildFile; fileRef = D04D47F41AB8FD9000A342E9 /* NSURL+ARKAdditions.h */; };
		D04D47F71AB8FD9000A342E9 /* NSURL+ARKAdditions.m in Sources */ = {isa = PBXBuildFile; fileRef = D04D47F51AB8FD9000A342E9 /* NSURL+ARKAdditions.m */; };
		D04D47FF1AB905C900A342E9 /* NSFileHandle+ARKAdditions.h in Headers */ = {isa = PBXBuildFile; fileRef = D04D47FD1AB905C900A342E9 /* NSFileHandle+ARKAdditions.h */; };
		D04D48001AB905C900A342E9 /* NSFileHandle+ARKAdditions.m in Sources */ = {isa = PBXBuildFile; fileRef = D04D47FE1AB905C900A342E9 /* NSFileHandle+ARKAdditions.m */; };
		D04D48021AB908DD00A342E9 /* ARKDataArchive_Testing.h in Headers */ = {isa = PBXBuildFile; fileRef = D04D48011AB908DD00A342E9 /* ARKDataArchive_Testing.h */; };
		D04D48051AB9196B00A342E9 /* ARKFileHandleAdditionsTests.m in Sources */ = {isa = PBXBuildFile; fileRef = D04D48041AB9196B00A342E9 /* ARKFileHandleAdditionsTests.m */; };
		EA09D3C51A2E6D2F004C1125 /* ARKDefineTests.m in Sources */ = {isa = PBXBuildFile; fileRef = EA09D3C41A2E6D2F004C1125 /* ARKDefineTests.m */; };
		EA46F7FA1ACB8448007FC415 /* ARKURLAdditionsTests.m in Sources */ = {isa = PBXBuildFile; fileRef = EA46F7F91ACB8448007FC415 /* ARKURLAdditionsTests.m */; };
		EA491AFB19E5EAAA00762174 /* ARKLogObserver.h in Headers */ = {isa = PBXBuildFile; fileRef = EA491AF919E5EAAA00762174 /* ARKLogObserver.h */; settings = {ATTRIBUTES = (Public, ); }; };
		EA61D2311B1648DD00D1AB77 /* module.modulemap in Headers */ = {isa = PBXBuildFile; fileRef = EA61D2011B16434300D1AB77 /* module.modulemap */; settings = {ATTRIBUTES = (Public, ); }; };
		EA6E218E19E84C1D0097BF4F /* UIApplication+ARKAdditions.h in Headers */ = {isa = PBXBuildFile; fileRef = EA6E218C19E84C1D0097BF4F /* UIApplication+ARKAdditions.h */; settings = {ATTRIBUTES = (Public, ); }; };
		EA6E218F19E84C1D0097BF4F /* UIApplication+ARKAdditions.m in Sources */ = {isa = PBXBuildFile; fileRef = EA6E218D19E84C1D0097BF4F /* UIApplication+ARKAdditions.m */; };
		EA6E219119E8682B0097BF4F /* MessageUI.framework in Frameworks */ = {isa = PBXBuildFile; fileRef = EA4583FD19E65C3C00E44882 /* MessageUI.framework */; };
		EA6E219219E868320097BF4F /* MessageUI.framework in Frameworks */ = {isa = PBXBuildFile; fileRef = EA4583FD19E65C3C00E44882 /* MessageUI.framework */; };
		EA7353661A1577200060F54E /* ARKLogStore.h in Headers */ = {isa = PBXBuildFile; fileRef = EA7353641A1577200060F54E /* ARKLogStore.h */; settings = {ATTRIBUTES = (Public, ); }; };
		EA7353671A1577200060F54E /* ARKLogStore.m in Sources */ = {isa = PBXBuildFile; fileRef = EA7353651A1577200060F54E /* ARKLogStore.m */; };
		EA7353701A15C5E70060F54E /* ARKLogStoreTests.m in Sources */ = {isa = PBXBuildFile; fileRef = EA73536F1A15C5E70060F54E /* ARKLogStoreTests.m */; };
		EA82F7931A3F9D6B0043BA42 /* ARKLogTableViewControllerTests.m in Sources */ = {isa = PBXBuildFile; fileRef = EA82F7921A3F9D6B0043BA42 /* ARKLogTableViewControllerTests.m */; };
		EAAB389119E24DC900161A54 /* Aardvark.h in Headers */ = {isa = PBXBuildFile; fileRef = EAD1442419E073FB0065A1FF /* Aardvark.h */; settings = {ATTRIBUTES = (Public, ); }; };
		EAAB389D19E28D5200161A54 /* ARKDefaultLogFormatter.h in Headers */ = {isa = PBXBuildFile; fileRef = EAAB389B19E28D5200161A54 /* ARKDefaultLogFormatter.h */; settings = {ATTRIBUTES = (Public, ); }; };
		EAAB389E19E28D5200161A54 /* ARKDefaultLogFormatter.m in Sources */ = {isa = PBXBuildFile; fileRef = EAAB389C19E28D5200161A54 /* ARKDefaultLogFormatter.m */; };
		EAAB38A019E28E9B00161A54 /* ARKLogFormatter.h in Headers */ = {isa = PBXBuildFile; fileRef = EAAB389F19E28DEB00161A54 /* ARKLogFormatter.h */; settings = {ATTRIBUTES = (Public, ); }; };
		EAAB38A419E2929C00161A54 /* ARKDefaultLogFormatterTests.m in Sources */ = {isa = PBXBuildFile; fileRef = EAAB38A319E2929C00161A54 /* ARKDefaultLogFormatterTests.m */; };
		EAAB38A919E317D000161A54 /* ARKLogMessage.h in Headers */ = {isa = PBXBuildFile; fileRef = EAD1444719E084C40065A1FF /* ARKLogMessage.h */; settings = {ATTRIBUTES = (Public, ); }; };
		EAAB38AA19E3180B00161A54 /* ARKBugReporter.h in Headers */ = {isa = PBXBuildFile; fileRef = EAAB38A519E298ED00161A54 /* ARKBugReporter.h */; settings = {ATTRIBUTES = (Public, ); }; };
		EAAB38AD19E3191D00161A54 /* libAardvark.a in Frameworks */ = {isa = PBXBuildFile; fileRef = EAD1442119E073FB0065A1FF /* libAardvark.a */; };
		EAC8459C19F60B820000F165 /* ARKEmailBugReporterTests.m in Sources */ = {isa = PBXBuildFile; fileRef = EAC8459B19F60B810000F165 /* ARKEmailBugReporterTests.m */; };
		EAD1442719E073FB0065A1FF /* Aardvark.m in Sources */ = {isa = PBXBuildFile; fileRef = EAD1442619E073FB0065A1FF /* Aardvark.m */; };
		EAD1444619E0849D0065A1FF /* AardvarkDefines.h in Headers */ = {isa = PBXBuildFile; fileRef = EAD1444419E0849D0065A1FF /* AardvarkDefines.h */; };
		EAD1444A19E084C40065A1FF /* ARKLogMessage.m in Sources */ = {isa = PBXBuildFile; fileRef = EAD1444819E084C40065A1FF /* ARKLogMessage.m */; };
		EAD1444D19E09EEA0065A1FF /* ARKLogDistributor.h in Headers */ = {isa = PBXBuildFile; fileRef = EAD1444B19E09EEA0065A1FF /* ARKLogDistributor.h */; settings = {ATTRIBUTES = (Public, ); }; };
		EAD1444E19E09EEA0065A1FF /* ARKLogDistributor.m in Sources */ = {isa = PBXBuildFile; fileRef = EAD1444C19E09EEA0065A1FF /* ARKLogDistributor.m */; };
		EAD1445419E201C70065A1FF /* ARKLogDistributorTests.m in Sources */ = {isa = PBXBuildFile; fileRef = EAD1445319E201C70065A1FF /* ARKLogDistributorTests.m */; };
		EAD1445F19E211250065A1FF /* ARKEmailBugReporter.h in Headers */ = {isa = PBXBuildFile; fileRef = EAD1445D19E211250065A1FF /* ARKEmailBugReporter.h */; settings = {ATTRIBUTES = (Public, ); }; };
		EAD1446019E211250065A1FF /* ARKEmailBugReporter.m in Sources */ = {isa = PBXBuildFile; fileRef = EAD1445E19E211250065A1FF /* ARKEmailBugReporter.m */; };
		EAD1446519E22D080065A1FF /* ARKLogTableViewController.h in Headers */ = {isa = PBXBuildFile; fileRef = EAD1446319E22D080065A1FF /* ARKLogTableViewController.h */; settings = {ATTRIBUTES = (Public, ); }; };
		EAD1446619E22D080065A1FF /* ARKLogTableViewController.m in Sources */ = {isa = PBXBuildFile; fileRef = EAD1446419E22D080065A1FF /* ARKLogTableViewController.m */; };
		EAD1447119E22E470065A1FF /* ARKIndividualLogViewController.h in Headers */ = {isa = PBXBuildFile; fileRef = EAD1446F19E22E470065A1FF /* ARKIndividualLogViewController.h */; settings = {ATTRIBUTES = (Public, ); }; };
		EAD1447219E22E470065A1FF /* ARKIndividualLogViewController.m in Sources */ = {isa = PBXBuildFile; fileRef = EAD1447019E22E470065A1FF /* ARKIndividualLogViewController.m */; };
		EAD1447519E22E800065A1FF /* ARKScreenshotViewController.h in Headers */ = {isa = PBXBuildFile; fileRef = EAD1447319E22E800065A1FF /* ARKScreenshotViewController.h */; settings = {ATTRIBUTES = (Public, ); }; };
		EAD1447619E22E800065A1FF /* ARKScreenshotViewController.m in Sources */ = {isa = PBXBuildFile; fileRef = EAD1447419E22E800065A1FF /* ARKScreenshotViewController.m */; };
		EAD1447E19E22FCF0065A1FF /* UIActivityViewController+ARKAdditions.h in Headers */ = {isa = PBXBuildFile; fileRef = EAD1447C19E22FCF0065A1FF /* UIActivityViewController+ARKAdditions.h */; };
		EAD1447F19E22FCF0065A1FF /* UIActivityViewController+ARKAdditions.m in Sources */ = {isa = PBXBuildFile; fileRef = EAD1447D19E22FCF0065A1FF /* UIActivityViewController+ARKAdditions.m */; };
		EAE2F5741ACA10B4006FFDDC /* ARKLogDistributor_Protected.h in Headers */ = {isa = PBXBuildFile; fileRef = EAE2F5731ACA10B4006FFDDC /* ARKLogDistributor_Protected.h */; };
/* End PBXBuildFile section */

/* Begin PBXContainerItemProxy section */
		EAD1445519E203340065A1FF /* PBXContainerItemProxy */ = {
			isa = PBXContainerItemProxy;
			containerPortal = EAD1441919E073FB0065A1FF /* Project object */;
			proxyType = 1;
			remoteGlobalIDString = EAD1442019E073FB0065A1FF;
			remoteInfo = Aardvark;
		};
/* End PBXContainerItemProxy section */

/* Begin PBXFileReference section */
		D04D47E81AB8A09B00A342E9 /* ARKDataArchive.h */ = {isa = PBXFileReference; fileEncoding = 4; lastKnownFileType = sourcecode.c.h; name = ARKDataArchive.h; path = Logging/ARKDataArchive.h; sourceTree = "<group>"; };
		D04D47E91AB8A09B00A342E9 /* ARKDataArchive.m */ = {isa = PBXFileReference; fileEncoding = 4; lastKnownFileType = sourcecode.c.objc; name = ARKDataArchive.m; path = Logging/ARKDataArchive.m; sourceTree = "<group>"; };
		D04D47EC1AB8A0BA00A342E9 /* ARKDataArchiveTests.m */ = {isa = PBXFileReference; fileEncoding = 4; lastKnownFileType = sourcecode.c.objc; name = ARKDataArchiveTests.m; path = AardvarkTests/ARKDataArchiveTests.m; sourceTree = "<group>"; };
		D04D47F41AB8FD9000A342E9 /* NSURL+ARKAdditions.h */ = {isa = PBXFileReference; fileEncoding = 4; lastKnownFileType = sourcecode.c.h; name = "NSURL+ARKAdditions.h"; path = "Categories/NSURL+ARKAdditions.h"; sourceTree = "<group>"; };
		D04D47F51AB8FD9000A342E9 /* NSURL+ARKAdditions.m */ = {isa = PBXFileReference; fileEncoding = 4; lastKnownFileType = sourcecode.c.objc; name = "NSURL+ARKAdditions.m"; path = "Categories/NSURL+ARKAdditions.m"; sourceTree = "<group>"; };
		D04D47FD1AB905C900A342E9 /* NSFileHandle+ARKAdditions.h */ = {isa = PBXFileReference; fileEncoding = 4; lastKnownFileType = sourcecode.c.h; name = "NSFileHandle+ARKAdditions.h"; path = "Categories/NSFileHandle+ARKAdditions.h"; sourceTree = "<group>"; };
		D04D47FE1AB905C900A342E9 /* NSFileHandle+ARKAdditions.m */ = {isa = PBXFileReference; fileEncoding = 4; lastKnownFileType = sourcecode.c.objc; name = "NSFileHandle+ARKAdditions.m"; path = "Categories/NSFileHandle+ARKAdditions.m"; sourceTree = "<group>"; };
		D04D48011AB908DD00A342E9 /* ARKDataArchive_Testing.h */ = {isa = PBXFileReference; fileEncoding = 4; lastKnownFileType = sourcecode.c.h; name = ARKDataArchive_Testing.h; path = Logging/ARKDataArchive_Testing.h; sourceTree = "<group>"; };
		D04D48041AB9196B00A342E9 /* ARKFileHandleAdditionsTests.m */ = {isa = PBXFileReference; fileEncoding = 4; lastKnownFileType = sourcecode.c.objc; name = ARKFileHandleAdditionsTests.m; path = AardvarkTests/ARKFileHandleAdditionsTests.m; sourceTree = "<group>"; };
		EA09D3C41A2E6D2F004C1125 /* ARKDefineTests.m */ = {isa = PBXFileReference; fileEncoding = 4; lastKnownFileType = sourcecode.c.objc; name = ARKDefineTests.m; path = AardvarkTests/ARKDefineTests.m; sourceTree = "<group>"; };
		EA4583FD19E65C3C00E44882 /* MessageUI.framework */ = {isa = PBXFileReference; lastKnownFileType = wrapper.framework; name = MessageUI.framework; path = System/Library/Frameworks/MessageUI.framework; sourceTree = SDKROOT; };
		EA46F7F91ACB8448007FC415 /* ARKURLAdditionsTests.m */ = {isa = PBXFileReference; fileEncoding = 4; lastKnownFileType = sourcecode.c.objc; name = ARKURLAdditionsTests.m; path = AardvarkTests/ARKURLAdditionsTests.m; sourceTree = "<group>"; };
		EA491AF919E5EAAA00762174 /* ARKLogObserver.h */ = {isa = PBXFileReference; fileEncoding = 4; lastKnownFileType = sourcecode.c.h; name = ARKLogObserver.h; path = Logging/ARKLogObserver.h; sourceTree = "<group>"; };
		EA61D2011B16434300D1AB77 /* module.modulemap */ = {isa = PBXFileReference; fileEncoding = 4; lastKnownFileType = "sourcecode.module-map"; name = module.modulemap; path = Other/module.modulemap; sourceTree = "<group>"; };
		EA6E218C19E84C1D0097BF4F /* UIApplication+ARKAdditions.h */ = {isa = PBXFileReference; fileEncoding = 4; lastKnownFileType = sourcecode.c.h; name = "UIApplication+ARKAdditions.h"; path = "Categories/UIApplication+ARKAdditions.h"; sourceTree = "<group>"; };
		EA6E218D19E84C1D0097BF4F /* UIApplication+ARKAdditions.m */ = {isa = PBXFileReference; fileEncoding = 4; lastKnownFileType = sourcecode.c.objc; name = "UIApplication+ARKAdditions.m"; path = "Categories/UIApplication+ARKAdditions.m"; sourceTree = "<group>"; };
		EA7353641A1577200060F54E /* ARKLogStore.h */ = {isa = PBXFileReference; fileEncoding = 4; lastKnownFileType = sourcecode.c.h; name = ARKLogStore.h; path = Logging/ARKLogStore.h; sourceTree = "<group>"; };
		EA7353651A1577200060F54E /* ARKLogStore.m */ = {isa = PBXFileReference; fileEncoding = 4; lastKnownFileType = sourcecode.c.objc; name = ARKLogStore.m; path = Logging/ARKLogStore.m; sourceTree = "<group>"; };
		EA73536C1A15801D0060F54E /* ARKLogStore_Testing.h */ = {isa = PBXFileReference; lastKnownFileType = sourcecode.c.h; name = ARKLogStore_Testing.h; path = Logging/ARKLogStore_Testing.h; sourceTree = "<group>"; };
		EA73536F1A15C5E70060F54E /* ARKLogStoreTests.m */ = {isa = PBXFileReference; fileEncoding = 4; lastKnownFileType = sourcecode.c.objc; name = ARKLogStoreTests.m; path = AardvarkTests/ARKLogStoreTests.m; sourceTree = "<group>"; };
		EA82F7921A3F9D6B0043BA42 /* ARKLogTableViewControllerTests.m */ = {isa = PBXFileReference; fileEncoding = 4; lastKnownFileType = sourcecode.c.objc; name = ARKLogTableViewControllerTests.m; path = AardvarkTests/ARKLogTableViewControllerTests.m; sourceTree = "<group>"; };
		EA82F7941A3F9D840043BA42 /* ARKLogTableViewController_Testing.h */ = {isa = PBXFileReference; lastKnownFileType = sourcecode.c.h; name = ARKLogTableViewController_Testing.h; path = "Log Viewing/ARKLogTableViewController_Testing.h"; sourceTree = "<group>"; };
		EAAB389819E2820000161A54 /* ARKLogDistributor_Testing.h */ = {isa = PBXFileReference; lastKnownFileType = sourcecode.c.h; name = ARKLogDistributor_Testing.h; path = Logging/ARKLogDistributor_Testing.h; sourceTree = "<group>"; };
		EAAB389B19E28D5200161A54 /* ARKDefaultLogFormatter.h */ = {isa = PBXFileReference; fileEncoding = 4; lastKnownFileType = sourcecode.c.h; name = ARKDefaultLogFormatter.h; path = "Bug Reporting/ARKDefaultLogFormatter.h"; sourceTree = "<group>"; };
		EAAB389C19E28D5200161A54 /* ARKDefaultLogFormatter.m */ = {isa = PBXFileReference; fileEncoding = 4; lastKnownFileType = sourcecode.c.objc; name = ARKDefaultLogFormatter.m; path = "Bug Reporting/ARKDefaultLogFormatter.m"; sourceTree = "<group>"; };
		EAAB389F19E28DEB00161A54 /* ARKLogFormatter.h */ = {isa = PBXFileReference; lastKnownFileType = sourcecode.c.h; name = ARKLogFormatter.h; path = "Bug Reporting/ARKLogFormatter.h"; sourceTree = "<group>"; };
		EAAB38A319E2929C00161A54 /* ARKDefaultLogFormatterTests.m */ = {isa = PBXFileReference; fileEncoding = 4; lastKnownFileType = sourcecode.c.objc; name = ARKDefaultLogFormatterTests.m; path = AardvarkTests/ARKDefaultLogFormatterTests.m; sourceTree = "<group>"; };
		EAAB38A519E298ED00161A54 /* ARKBugReporter.h */ = {isa = PBXFileReference; lastKnownFileType = sourcecode.c.h; name = ARKBugReporter.h; path = "Bug Reporting/ARKBugReporter.h"; sourceTree = "<group>"; };
		EAC8459B19F60B810000F165 /* ARKEmailBugReporterTests.m */ = {isa = PBXFileReference; fileEncoding = 4; lastKnownFileType = sourcecode.c.objc; name = ARKEmailBugReporterTests.m; path = AardvarkTests/ARKEmailBugReporterTests.m; sourceTree = "<group>"; };
		EAC8459D19F60BDB0000F165 /* ARKEmailBugReporter_Testing.h */ = {isa = PBXFileReference; lastKnownFileType = sourcecode.c.h; name = ARKEmailBugReporter_Testing.h; path = "Bug Reporting/ARKEmailBugReporter_Testing.h"; sourceTree = "<group>"; };
		EAD1442119E073FB0065A1FF /* libAardvark.a */ = {isa = PBXFileReference; explicitFileType = archive.ar; includeInIndex = 0; path = libAardvark.a; sourceTree = BUILT_PRODUCTS_DIR; };
		EAD1442419E073FB0065A1FF /* Aardvark.h */ = {isa = PBXFileReference; lastKnownFileType = sourcecode.c.h; path = Aardvark.h; sourceTree = "<group>"; };
		EAD1442619E073FB0065A1FF /* Aardvark.m */ = {isa = PBXFileReference; lastKnownFileType = sourcecode.c.objc; path = Aardvark.m; sourceTree = "<group>"; };
		EAD1442C19E073FB0065A1FF /* AardvarkTests.xctest */ = {isa = PBXFileReference; explicitFileType = wrapper.cfbundle; includeInIndex = 0; path = AardvarkTests.xctest; sourceTree = BUILT_PRODUCTS_DIR; };
		EAD1442F19E073FB0065A1FF /* Tests-Info.plist */ = {isa = PBXFileReference; lastKnownFileType = text.plist.xml; name = "Tests-Info.plist"; path = "AardvarkTests/Tests-Info.plist"; sourceTree = "<group>"; };
		EAD1444419E0849D0065A1FF /* AardvarkDefines.h */ = {isa = PBXFileReference; fileEncoding = 4; lastKnownFileType = sourcecode.c.h; name = AardvarkDefines.h; path = Other/AardvarkDefines.h; sourceTree = "<group>"; };
		EAD1444719E084C40065A1FF /* ARKLogMessage.h */ = {isa = PBXFileReference; fileEncoding = 4; lastKnownFileType = sourcecode.c.h; name = ARKLogMessage.h; path = Logging/ARKLogMessage.h; sourceTree = "<group>"; };
		EAD1444819E084C40065A1FF /* ARKLogMessage.m */ = {isa = PBXFileReference; fileEncoding = 4; lastKnownFileType = sourcecode.c.objc; name = ARKLogMessage.m; path = Logging/ARKLogMessage.m; sourceTree = "<group>"; };
		EAD1444B19E09EEA0065A1FF /* ARKLogDistributor.h */ = {isa = PBXFileReference; fileEncoding = 4; lastKnownFileType = sourcecode.c.h; name = ARKLogDistributor.h; path = Logging/ARKLogDistributor.h; sourceTree = "<group>"; };
		EAD1444C19E09EEA0065A1FF /* ARKLogDistributor.m */ = {isa = PBXFileReference; fileEncoding = 4; lastKnownFileType = sourcecode.c.objc; name = ARKLogDistributor.m; path = Logging/ARKLogDistributor.m; sourceTree = "<group>"; };
		EAD1445319E201C70065A1FF /* ARKLogDistributorTests.m */ = {isa = PBXFileReference; fileEncoding = 4; lastKnownFileType = sourcecode.c.objc; name = ARKLogDistributorTests.m; path = AardvarkTests/ARKLogDistributorTests.m; sourceTree = "<group>"; };
		EAD1445D19E211250065A1FF /* ARKEmailBugReporter.h */ = {isa = PBXFileReference; fileEncoding = 4; lastKnownFileType = sourcecode.c.h; name = ARKEmailBugReporter.h; path = "Bug Reporting/ARKEmailBugReporter.h"; sourceTree = "<group>"; };
		EAD1445E19E211250065A1FF /* ARKEmailBugReporter.m */ = {isa = PBXFileReference; fileEncoding = 4; lastKnownFileType = sourcecode.c.objc; name = ARKEmailBugReporter.m; path = "Bug Reporting/ARKEmailBugReporter.m"; sourceTree = "<group>"; };
		EAD1446319E22D080065A1FF /* ARKLogTableViewController.h */ = {isa = PBXFileReference; fileEncoding = 4; lastKnownFileType = sourcecode.c.h; name = ARKLogTableViewController.h; path = "Log Viewing/ARKLogTableViewController.h"; sourceTree = "<group>"; };
		EAD1446419E22D080065A1FF /* ARKLogTableViewController.m */ = {isa = PBXFileReference; fileEncoding = 4; lastKnownFileType = sourcecode.c.objc; name = ARKLogTableViewController.m; path = "Log Viewing/ARKLogTableViewController.m"; sourceTree = "<group>"; };
		EAD1446F19E22E470065A1FF /* ARKIndividualLogViewController.h */ = {isa = PBXFileReference; fileEncoding = 4; lastKnownFileType = sourcecode.c.h; name = ARKIndividualLogViewController.h; path = "Log Viewing/ARKIndividualLogViewController.h"; sourceTree = "<group>"; };
		EAD1447019E22E470065A1FF /* ARKIndividualLogViewController.m */ = {isa = PBXFileReference; fileEncoding = 4; lastKnownFileType = sourcecode.c.objc; name = ARKIndividualLogViewController.m; path = "Log Viewing/ARKIndividualLogViewController.m"; sourceTree = "<group>"; };
		EAD1447319E22E800065A1FF /* ARKScreenshotViewController.h */ = {isa = PBXFileReference; fileEncoding = 4; lastKnownFileType = sourcecode.c.h; name = ARKScreenshotViewController.h; path = "Log Viewing/ARKScreenshotViewController.h"; sourceTree = "<group>"; };
		EAD1447419E22E800065A1FF /* ARKScreenshotViewController.m */ = {isa = PBXFileReference; fileEncoding = 4; lastKnownFileType = sourcecode.c.objc; name = ARKScreenshotViewController.m; path = "Log Viewing/ARKScreenshotViewController.m"; sourceTree = "<group>"; };
		EAD1447C19E22FCF0065A1FF /* UIActivityViewController+ARKAdditions.h */ = {isa = PBXFileReference; fileEncoding = 4; lastKnownFileType = sourcecode.c.h; name = "UIActivityViewController+ARKAdditions.h"; path = "Categories/UIActivityViewController+ARKAdditions.h"; sourceTree = "<group>"; };
		EAD1447D19E22FCF0065A1FF /* UIActivityViewController+ARKAdditions.m */ = {isa = PBXFileReference; fileEncoding = 4; lastKnownFileType = sourcecode.c.objc; name = "UIActivityViewController+ARKAdditions.m"; path = "Categories/UIActivityViewController+ARKAdditions.m"; sourceTree = "<group>"; };
		EAE2F5731ACA10B4006FFDDC /* ARKLogDistributor_Protected.h */ = {isa = PBXFileReference; fileEncoding = 4; lastKnownFileType = sourcecode.c.h; name = ARKLogDistributor_Protected.h; path = Logging/ARKLogDistributor_Protected.h; sourceTree = "<group>"; };
/* End PBXFileReference section */

/* Begin PBXFrameworksBuildPhase section */
		EAD1441E19E073FB0065A1FF /* Frameworks */ = {
			isa = PBXFrameworksBuildPhase;
			buildActionMask = 2147483647;
			files = (
				EA6E219119E8682B0097BF4F /* MessageUI.framework in Frameworks */,
			);
			runOnlyForDeploymentPostprocessing = 0;
		};
		EAD1442919E073FB0065A1FF /* Frameworks */ = {
			isa = PBXFrameworksBuildPhase;
			buildActionMask = 2147483647;
			files = (
				EAAB38AD19E3191D00161A54 /* libAardvark.a in Frameworks */,
				EA6E219219E868320097BF4F /* MessageUI.framework in Frameworks */,
			);
			runOnlyForDeploymentPostprocessing = 0;
		};
/* End PBXFrameworksBuildPhase section */

/* Begin PBXGroup section */
		D04D48031AB9194A00A342E9 /* Tests */ = {
			isa = PBXGroup;
			children = (
				D04D48041AB9196B00A342E9 /* ARKFileHandleAdditionsTests.m */,
				EA46F7F91ACB8448007FC415 /* ARKURLAdditionsTests.m */,
			);
			name = Tests;
			sourceTree = "<group>";
		};
		EA09D3C11A2E6CFA004C1125 /* Tests */ = {
			isa = PBXGroup;
			children = (
				EA09D3C41A2E6D2F004C1125 /* ARKDefineTests.m */,
			);
			name = Tests;
			sourceTree = "<group>";
		};
		EA82F7911A3F9D3A0043BA42 /* Tests */ = {
			isa = PBXGroup;
			children = (
				EA82F7921A3F9D6B0043BA42 /* ARKLogTableViewControllerTests.m */,
			);
			name = Tests;
			sourceTree = "<group>";
		};
		EAA6F80119F5933700FF20A8 /* Frameworks */ = {
			isa = PBXGroup;
			children = (
				EA4583FD19E65C3C00E44882 /* MessageUI.framework */,
			);
			name = Frameworks;
			sourceTree = "<group>";
		};
		EAAB38A219E2928500161A54 /* Tests */ = {
			isa = PBXGroup;
			children = (
				EAAB38A319E2929C00161A54 /* ARKDefaultLogFormatterTests.m */,
				EAC8459B19F60B810000F165 /* ARKEmailBugReporterTests.m */,
			);
			name = Tests;
			sourceTree = "<group>";
		};
		EAD1441819E073FB0065A1FF = {
			isa = PBXGroup;
			children = (
				EAD1442319E073FB0065A1FF /* Aardvark */,
				EAD1443919E074630065A1FF /* Bug Reporting */,
				EAD1447719E22F470065A1FF /* Categories */,
				EAD1446119E21F9D0065A1FF /* Log Viewing */,
				EAD1443819E074570065A1FF /* Logging */,
				EAD1444219E0848B0065A1FF /* Other */,
				EAA6F80119F5933700FF20A8 /* Frameworks */,
				EAD1442219E073FB0065A1FF /* Products */,
			);
			sourceTree = "<group>";
		};
		EAD1442219E073FB0065A1FF /* Products */ = {
			isa = PBXGroup;
			children = (
				EAD1442119E073FB0065A1FF /* libAardvark.a */,
				EAD1442C19E073FB0065A1FF /* AardvarkTests.xctest */,
			);
			name = Products;
			sourceTree = "<group>";
		};
		EAD1442319E073FB0065A1FF /* Aardvark */ = {
			isa = PBXGroup;
			children = (
				EAD1442419E073FB0065A1FF /* Aardvark.h */,
				EAD1442619E073FB0065A1FF /* Aardvark.m */,
			);
			path = Aardvark;
			sourceTree = "<group>";
		};
		EAD1443819E074570065A1FF /* Logging */ = {
			isa = PBXGroup;
			children = (
				EAD1446219E21FB50065A1FF /* Tests */,
				D04D47E81AB8A09B00A342E9 /* ARKDataArchive.h */,
				D04D48011AB908DD00A342E9 /* ARKDataArchive_Testing.h */,
				D04D47E91AB8A09B00A342E9 /* ARKDataArchive.m */,
				EA491AF919E5EAAA00762174 /* ARKLogObserver.h */,
				EAD1444B19E09EEA0065A1FF /* ARKLogDistributor.h */,
				EAAB389819E2820000161A54 /* ARKLogDistributor_Testing.h */,
				EAD1444C19E09EEA0065A1FF /* ARKLogDistributor.m */,
				EAD1444719E084C40065A1FF /* ARKLogMessage.h */,
				EAD1444819E084C40065A1FF /* ARKLogMessage.m */,
				EA7353641A1577200060F54E /* ARKLogStore.h */,
				EA73536C1A15801D0060F54E /* ARKLogStore_Testing.h */,
				EA7353651A1577200060F54E /* ARKLogStore.m */,
				EAE2F5731ACA10B4006FFDDC /* ARKLogDistributor_Protected.h */,
			);
			name = Logging;
			sourceTree = "<group>";
		};
		EAD1443919E074630065A1FF /* Bug Reporting */ = {
			isa = PBXGroup;
			children = (
				EAAB38A219E2928500161A54 /* Tests */,
				EAAB38A519E298ED00161A54 /* ARKBugReporter.h */,
				EAD1445D19E211250065A1FF /* ARKEmailBugReporter.h */,
				EAC8459D19F60BDB0000F165 /* ARKEmailBugReporter_Testing.h */,
				EAD1445E19E211250065A1FF /* ARKEmailBugReporter.m */,
				EAAB389B19E28D5200161A54 /* ARKDefaultLogFormatter.h */,
				EAAB389C19E28D5200161A54 /* ARKDefaultLogFormatter.m */,
				EAAB389F19E28DEB00161A54 /* ARKLogFormatter.h */,
			);
			name = "Bug Reporting";
			sourceTree = "<group>";
		};
		EAD1444219E0848B0065A1FF /* Other */ = {
			isa = PBXGroup;
			children = (
				EA09D3C11A2E6CFA004C1125 /* Tests */,
				EAD1444419E0849D0065A1FF /* AardvarkDefines.h */,
				EAD1442F19E073FB0065A1FF /* Tests-Info.plist */,
				EA61D2011B16434300D1AB77 /* module.modulemap */,
			);
			name = Other;
			sourceTree = "<group>";
		};
		EAD1446119E21F9D0065A1FF /* Log Viewing */ = {
			isa = PBXGroup;
			children = (
				EA82F7911A3F9D3A0043BA42 /* Tests */,
				EAD1446F19E22E470065A1FF /* ARKIndividualLogViewController.h */,
				EAD1447019E22E470065A1FF /* ARKIndividualLogViewController.m */,
				EAD1446319E22D080065A1FF /* ARKLogTableViewController.h */,
				EA82F7941A3F9D840043BA42 /* ARKLogTableViewController_Testing.h */,
				EAD1446419E22D080065A1FF /* ARKLogTableViewController.m */,
				EAD1447319E22E800065A1FF /* ARKScreenshotViewController.h */,
				EAD1447419E22E800065A1FF /* ARKScreenshotViewController.m */,
			);
			name = "Log Viewing";
			sourceTree = "<group>";
		};
		EAD1446219E21FB50065A1FF /* Tests */ = {
			isa = PBXGroup;
			children = (
				D04D47EC1AB8A0BA00A342E9 /* ARKDataArchiveTests.m */,
				EAD1445319E201C70065A1FF /* ARKLogDistributorTests.m */,
				EA73536F1A15C5E70060F54E /* ARKLogStoreTests.m */,
			);
			name = Tests;
			sourceTree = "<group>";
		};
		EAD1447719E22F470065A1FF /* Categories */ = {
			isa = PBXGroup;
			children = (
				D04D48031AB9194A00A342E9 /* Tests */,
				D04D47FD1AB905C900A342E9 /* NSFileHandle+ARKAdditions.h */,
				D04D47FE1AB905C900A342E9 /* NSFileHandle+ARKAdditions.m */,
				D04D47F41AB8FD9000A342E9 /* NSURL+ARKAdditions.h */,
				D04D47F51AB8FD9000A342E9 /* NSURL+ARKAdditions.m */,
				EAD1447C19E22FCF0065A1FF /* UIActivityViewController+ARKAdditions.h */,
				EAD1447D19E22FCF0065A1FF /* UIActivityViewController+ARKAdditions.m */,
				EA6E218C19E84C1D0097BF4F /* UIApplication+ARKAdditions.h */,
				EA6E218D19E84C1D0097BF4F /* UIApplication+ARKAdditions.m */,
			);
			name = Categories;
			sourceTree = "<group>";
		};
/* End PBXGroup section */

/* Begin PBXHeadersBuildPhase section */
		EAD1443F19E084300065A1FF /* Headers */ = {
			isa = PBXHeadersBuildPhase;
			buildActionMask = 2147483647;
			files = (
				EA7353661A1577200060F54E /* ARKLogStore.h in Headers */,
				D04D48021AB908DD00A342E9 /* ARKDataArchive_Testing.h in Headers */,
				EAAB389119E24DC900161A54 /* Aardvark.h in Headers */,
				D04D47EA1AB8A09B00A342E9 /* ARKDataArchive.h in Headers */,
				EAD1445F19E211250065A1FF /* ARKEmailBugReporter.h in Headers */,
				EAAB38A919E317D000161A54 /* ARKLogMessage.h in Headers */,
				EAD1447E19E22FCF0065A1FF /* UIActivityViewController+ARKAdditions.h in Headers */,
				EAD1444D19E09EEA0065A1FF /* ARKLogDistributor.h in Headers */,
				D04D47FF1AB905C900A342E9 /* NSFileHandle+ARKAdditions.h in Headers */,
				EAAB389D19E28D5200161A54 /* ARKDefaultLogFormatter.h in Headers */,
				EAD1447119E22E470065A1FF /* ARKIndividualLogViewController.h in Headers */,
				EA491AFB19E5EAAA00762174 /* ARKLogObserver.h in Headers */,
				EAAB38A019E28E9B00161A54 /* ARKLogFormatter.h in Headers */,
				EA61D2311B1648DD00D1AB77 /* module.modulemap in Headers */,
				EAE2F5741ACA10B4006FFDDC /* ARKLogDistributor_Protected.h in Headers */,
				EA6E218E19E84C1D0097BF4F /* UIApplication+ARKAdditions.h in Headers */,
				EAD1444619E0849D0065A1FF /* AardvarkDefines.h in Headers */,
				EAD1447519E22E800065A1FF /* ARKScreenshotViewController.h in Headers */,
				EAD1446519E22D080065A1FF /* ARKLogTableViewController.h in Headers */,
				D04D47F61AB8FD9000A342E9 /* NSURL+ARKAdditions.h in Headers */,
				EAAB38AA19E3180B00161A54 /* ARKBugReporter.h in Headers */,
			);
			runOnlyForDeploymentPostprocessing = 0;
		};
		EAD1445819E203D90065A1FF /* Headers */ = {
			isa = PBXHeadersBuildPhase;
			buildActionMask = 2147483647;
			files = (
			);
			runOnlyForDeploymentPostprocessing = 0;
		};
/* End PBXHeadersBuildPhase section */

/* Begin PBXNativeTarget section */
		EAD1442019E073FB0065A1FF /* Aardvark */ = {
			isa = PBXNativeTarget;
			buildConfigurationList = EAD1443219E073FB0065A1FF /* Build configuration list for PBXNativeTarget "Aardvark" */;
			buildPhases = (
				EAD1443F19E084300065A1FF /* Headers */,
				EAD1441D19E073FB0065A1FF /* Sources */,
				EAD1441E19E073FB0065A1FF /* Frameworks */,
			);
			buildRules = (
			);
			dependencies = (
			);
			name = Aardvark;
			productName = Aardvark;
			productReference = EAD1442119E073FB0065A1FF /* libAardvark.a */;
			productType = "com.apple.product-type.library.static";
		};
		EAD1442B19E073FB0065A1FF /* AardvarkTests */ = {
			isa = PBXNativeTarget;
			buildConfigurationList = EAD1443519E073FB0065A1FF /* Build configuration list for PBXNativeTarget "AardvarkTests" */;
			buildPhases = (
				EAD1442819E073FB0065A1FF /* Sources */,
				EAD1442919E073FB0065A1FF /* Frameworks */,
				EAD1442A19E073FB0065A1FF /* Resources */,
				EAD1445819E203D90065A1FF /* Headers */,
			);
			buildRules = (
			);
			dependencies = (
				EAD1445619E203340065A1FF /* PBXTargetDependency */,
			);
			name = AardvarkTests;
			productName = AardvarkTests;
			productReference = EAD1442C19E073FB0065A1FF /* AardvarkTests.xctest */;
			productType = "com.apple.product-type.bundle.unit-test";
		};
/* End PBXNativeTarget section */

/* Begin PBXProject section */
		EAD1441919E073FB0065A1FF /* Project object */ = {
			isa = PBXProject;
			attributes = {
				CLASSPREFIX = ARK;
				LastUpgradeCheck = 0600;
				ORGANIZATIONNAME = "Square, Inc.";
				TargetAttributes = {
					EAD1442019E073FB0065A1FF = {
						CreatedOnToolsVersion = 6.0.1;
					};
					EAD1442B19E073FB0065A1FF = {
						CreatedOnToolsVersion = 6.0.1;
					};
				};
			};
			buildConfigurationList = EAD1441C19E073FB0065A1FF /* Build configuration list for PBXProject "Aardvark" */;
			compatibilityVersion = "Xcode 3.2";
			developmentRegion = English;
			hasScannedForEncodings = 0;
			knownRegions = (
				en,
			);
			mainGroup = EAD1441819E073FB0065A1FF;
			productRefGroup = EAD1442219E073FB0065A1FF /* Products */;
			projectDirPath = "";
			projectRoot = "";
			targets = (
				EAD1442019E073FB0065A1FF /* Aardvark */,
				EAD1442B19E073FB0065A1FF /* AardvarkTests */,
			);
		};
/* End PBXProject section */

/* Begin PBXResourcesBuildPhase section */
		EAD1442A19E073FB0065A1FF /* Resources */ = {
			isa = PBXResourcesBuildPhase;
			buildActionMask = 2147483647;
			files = (
			);
			runOnlyForDeploymentPostprocessing = 0;
		};
/* End PBXResourcesBuildPhase section */

/* Begin PBXSourcesBuildPhase section */
		EAD1441D19E073FB0065A1FF /* Sources */ = {
			isa = PBXSourcesBuildPhase;
			buildActionMask = 2147483647;
			files = (
				EAD1442719E073FB0065A1FF /* Aardvark.m in Sources */,
				EAD1444E19E09EEA0065A1FF /* ARKLogDistributor.m in Sources */,
				EAD1444A19E084C40065A1FF /* ARKLogMessage.m in Sources */,
				EAD1446019E211250065A1FF /* ARKEmailBugReporter.m in Sources */,
				D04D47F71AB8FD9000A342E9 /* NSURL+ARKAdditions.m in Sources */,
				EAAB389E19E28D5200161A54 /* ARKDefaultLogFormatter.m in Sources */,
				D04D47EB1AB8A09B00A342E9 /* ARKDataArchive.m in Sources */,
				D04D48001AB905C900A342E9 /* NSFileHandle+ARKAdditions.m in Sources */,
				EAD1447F19E22FCF0065A1FF /* UIActivityViewController+ARKAdditions.m in Sources */,
				EAD1447219E22E470065A1FF /* ARKIndividualLogViewController.m in Sources */,
				EA7353671A1577200060F54E /* ARKLogStore.m in Sources */,
				EAD1446619E22D080065A1FF /* ARKLogTableViewController.m in Sources */,
				EAD1447619E22E800065A1FF /* ARKScreenshotViewController.m in Sources */,
				EA6E218F19E84C1D0097BF4F /* UIApplication+ARKAdditions.m in Sources */,
			);
			runOnlyForDeploymentPostprocessing = 0;
		};
		EAD1442819E073FB0065A1FF /* Sources */ = {
			isa = PBXSourcesBuildPhase;
			buildActionMask = 2147483647;
			files = (
				EAAB38A419E2929C00161A54 /* ARKDefaultLogFormatterTests.m in Sources */,
				EA46F7FA1ACB8448007FC415 /* ARKURLAdditionsTests.m in Sources */,
				EA7353701A15C5E70060F54E /* ARKLogStoreTests.m in Sources */,
				D04D47ED1AB8A0BA00A342E9 /* ARKDataArchiveTests.m in Sources */,
				EA09D3C51A2E6D2F004C1125 /* ARKDefineTests.m in Sources */,
				D04D48051AB9196B00A342E9 /* ARKFileHandleAdditionsTests.m in Sources */,
				EAC8459C19F60B820000F165 /* ARKEmailBugReporterTests.m in Sources */,
				EA82F7931A3F9D6B0043BA42 /* ARKLogTableViewControllerTests.m in Sources */,
				EAD1445419E201C70065A1FF /* ARKLogDistributorTests.m in Sources */,
			);
			runOnlyForDeploymentPostprocessing = 0;
		};
/* End PBXSourcesBuildPhase section */

/* Begin PBXTargetDependency section */
		EAD1445619E203340065A1FF /* PBXTargetDependency */ = {
			isa = PBXTargetDependency;
			target = EAD1442019E073FB0065A1FF /* Aardvark */;
			targetProxy = EAD1445519E203340065A1FF /* PBXContainerItemProxy */;
		};
/* End PBXTargetDependency section */

/* Begin XCBuildConfiguration section */
		EAD1443019E073FB0065A1FF /* Debug */ = {
			isa = XCBuildConfiguration;
			buildSettings = {
				ALWAYS_SEARCH_USER_PATHS = NO;
				CLANG_CXX_LANGUAGE_STANDARD = "gnu++0x";
				CLANG_CXX_LIBRARY = "libc++";
				CLANG_ENABLE_MODULES = YES;
				CLANG_ENABLE_OBJC_ARC = YES;
				CLANG_WARN_BOOL_CONVERSION = YES;
				CLANG_WARN_CONSTANT_CONVERSION = YES;
				CLANG_WARN_DIRECT_OBJC_ISA_USAGE = YES_ERROR;
				CLANG_WARN_EMPTY_BODY = YES;
				CLANG_WARN_ENUM_CONVERSION = YES;
				CLANG_WARN_INT_CONVERSION = YES;
				CLANG_WARN_OBJC_ROOT_CLASS = YES_ERROR;
				CLANG_WARN_UNREACHABLE_CODE = YES;
				CLANG_WARN__DUPLICATE_METHOD_MATCH = YES;
				COPY_PHASE_STRIP = NO;
				ENABLE_STRICT_OBJC_MSGSEND = YES;
				GCC_C_LANGUAGE_STANDARD = gnu99;
				GCC_DYNAMIC_NO_PIC = NO;
				GCC_OPTIMIZATION_LEVEL = 0;
				GCC_PREPROCESSOR_DEFINITIONS = (
					"DEBUG=1",
					"$(inherited)",
				);
				GCC_SYMBOLS_PRIVATE_EXTERN = NO;
				GCC_TREAT_WARNINGS_AS_ERRORS = YES;
				GCC_WARN_64_TO_32_BIT_CONVERSION = YES;
				GCC_WARN_ABOUT_RETURN_TYPE = YES_ERROR;
				GCC_WARN_UNDECLARED_SELECTOR = YES;
				GCC_WARN_UNINITIALIZED_AUTOS = YES_AGGRESSIVE;
				GCC_WARN_UNUSED_FUNCTION = YES;
				GCC_WARN_UNUSED_VARIABLE = YES;
				IPHONEOS_DEPLOYMENT_TARGET = 6.0;
				MTL_ENABLE_DEBUG_INFO = YES;
				ONLY_ACTIVE_ARCH = YES;
				SDKROOT = iphoneos;
			};
			name = Debug;
		};
		EAD1443119E073FB0065A1FF /* Release */ = {
			isa = XCBuildConfiguration;
			buildSettings = {
				ALWAYS_SEARCH_USER_PATHS = NO;
				CLANG_CXX_LANGUAGE_STANDARD = "gnu++0x";
				CLANG_CXX_LIBRARY = "libc++";
				CLANG_ENABLE_MODULES = YES;
				CLANG_ENABLE_OBJC_ARC = YES;
				CLANG_WARN_BOOL_CONVERSION = YES;
				CLANG_WARN_CONSTANT_CONVERSION = YES;
				CLANG_WARN_DIRECT_OBJC_ISA_USAGE = YES_ERROR;
				CLANG_WARN_EMPTY_BODY = YES;
				CLANG_WARN_ENUM_CONVERSION = YES;
				CLANG_WARN_INT_CONVERSION = YES;
				CLANG_WARN_OBJC_ROOT_CLASS = YES_ERROR;
				CLANG_WARN_UNREACHABLE_CODE = YES;
				CLANG_WARN__DUPLICATE_METHOD_MATCH = YES;
				COPY_PHASE_STRIP = YES;
				ENABLE_NS_ASSERTIONS = NO;
				ENABLE_STRICT_OBJC_MSGSEND = YES;
				GCC_C_LANGUAGE_STANDARD = gnu99;
				GCC_TREAT_WARNINGS_AS_ERRORS = YES;
				GCC_WARN_64_TO_32_BIT_CONVERSION = YES;
				GCC_WARN_ABOUT_RETURN_TYPE = YES_ERROR;
				GCC_WARN_UNDECLARED_SELECTOR = YES;
				GCC_WARN_UNINITIALIZED_AUTOS = YES_AGGRESSIVE;
				GCC_WARN_UNUSED_FUNCTION = YES;
				GCC_WARN_UNUSED_VARIABLE = YES;
				IPHONEOS_DEPLOYMENT_TARGET = 6.0;
				MTL_ENABLE_DEBUG_INFO = NO;
				SDKROOT = iphoneos;
				VALIDATE_PRODUCT = YES;
			};
			name = Release;
		};
		EAD1443319E073FB0065A1FF /* Debug */ = {
			isa = XCBuildConfiguration;
			buildSettings = {
				INSTALL_PATH = "$(BUILT_PRODUCTS_DIR)";
				ONLY_ACTIVE_ARCH = NO;
				OTHER_LDFLAGS = "-ObjC";
				PRIVATE_HEADERS_FOLDER_PATH = "";
				PRODUCT_NAME = "$(TARGET_NAME)";
				PUBLIC_HEADERS_FOLDER_PATH = "include/$(PRODUCT_NAME)";
				SKIP_INSTALL = YES;
			};
			name = Debug;
		};
		EAD1443419E073FB0065A1FF /* Release */ = {
			isa = XCBuildConfiguration;
			buildSettings = {
				INSTALL_PATH = "$(BUILT_PRODUCTS_DIR)";
				ONLY_ACTIVE_ARCH = NO;
				OTHER_LDFLAGS = "-ObjC";
				PRIVATE_HEADERS_FOLDER_PATH = "";
				PRODUCT_NAME = "$(TARGET_NAME)";
				PUBLIC_HEADERS_FOLDER_PATH = "include/$(PRODUCT_NAME)";
				SKIP_INSTALL = YES;
			};
			name = Release;
		};
		EAD1443619E073FB0065A1FF /* Debug */ = {
			isa = XCBuildConfiguration;
			buildSettings = {
				FRAMEWORK_SEARCH_PATHS = (
					"$(SDKROOT)/Developer/Library/Frameworks",
					"$(inherited)",
				);
				GCC_PREPROCESSOR_DEFINITIONS = (
					"DEBUG=1",
					"$(inherited)",
				);
				INFOPLIST_FILE = "AardvarkTests/Tests-Info.plist";
				LD_RUNPATH_SEARCH_PATHS = "$(inherited) @executable_path/Frameworks @loader_path/Frameworks";
				OTHER_LDFLAGS = (
					"$(inherited)",
					"-framework",
					XCTest,
					"-ObjC",
				);
				PRODUCT_NAME = "$(TARGET_NAME)";
			};
			name = Debug;
		};
		EAD1443719E073FB0065A1FF /* Release */ = {
			isa = XCBuildConfiguration;
			buildSettings = {
				FRAMEWORK_SEARCH_PATHS = (
					"$(SDKROOT)/Developer/Library/Frameworks",
					"$(inherited)",
				);
				INFOPLIST_FILE = "AardvarkTests/Tests-Info.plist";
				LD_RUNPATH_SEARCH_PATHS = "$(inherited) @executable_path/Frameworks @loader_path/Frameworks";
				OTHER_LDFLAGS = (
					"$(inherited)",
					"-framework",
					XCTest,
					"-ObjC",
				);
				PRODUCT_NAME = "$(TARGET_NAME)";
			};
			name = Release;
		};
/* End XCBuildConfiguration section */

/* Begin XCConfigurationList section */
		EAD1441C19E073FB0065A1FF /* Build configuration list for PBXProject "Aardvark" */ = {
			isa = XCConfigurationList;
			buildConfigurations = (
				EAD1443019E073FB0065A1FF /* Debug */,
				EAD1443119E073FB0065A1FF /* Release */,
			);
			defaultConfigurationIsVisible = 0;
			defaultConfigurationName = Release;
		};
		EAD1443219E073FB0065A1FF /* Build configuration list for PBXNativeTarget "Aardvark" */ = {
			isa = XCConfigurationList;
			buildConfigurations = (
				EAD1443319E073FB0065A1FF /* Debug */,
				EAD1443419E073FB0065A1FF /* Release */,
			);
			defaultConfigurationIsVisible = 0;
			defaultConfigurationName = Release;
		};
		EAD1443519E073FB0065A1FF /* Build configuration list for PBXNativeTarget "AardvarkTests" */ = {
			isa = XCConfigurationList;
			buildConfigurations = (
				EAD1443619E073FB0065A1FF /* Debug */,
				EAD1443719E073FB0065A1FF /* Release */,
			);
			defaultConfigurationIsVisible = 0;
			defaultConfigurationName = Release;
		};
/* End XCConfigurationList section */
	};
	rootObject = EAD1441919E073FB0065A1FF /* Project object */;
}
